
Microsoft Visual Studio Solution File, Format Version 12.00
# Visual Studio 15
VisualStudioVersion = 15.0.28307.271
MinimumVisualStudioVersion = 10.0.40219.1
Project("{2150E333-8FDC-42A3-9474-1A3956D46DE8}") = "1_Converters", "1_Converters", "{7D0FA414-B3D2-4264-A91F-EAA551CA5A5D}"
EndProject
Project("{2150E333-8FDC-42A3-9474-1A3956D46DE8}") = "2_DataProviders", "2_DataProviders", "{7DC60D00-FA4B-4C26-B32F-25D27611923A}"
EndProject
Project("{2150E333-8FDC-42A3-9474-1A3956D46DE8}") = "3_DataAccess", "3_DataAccess", "{510CDA2A-99A0-4003-9F18-D255DAC52333}"
EndProject
Project("{2150E333-8FDC-42A3-9474-1A3956D46DE8}") = "4_DataModels", "4_DataModels", "{B5974E23-6F5A-4D50-AE40-B5A8F74F950C}"
EndProject
Project("{2150E333-8FDC-42A3-9474-1A3956D46DE8}") = "Tests", "Tests", "{EAB5FEEC-9DF7-48C7-9F0D-6C920E716F88}"
EndProject
Project("{2150E333-8FDC-42A3-9474-1A3956D46DE8}") = "Tests", "Tests", "{E0FCAB9C-4D6A-4F00-974A-E87209D2D682}"
EndProject
Project("{2150E333-8FDC-42A3-9474-1A3956D46DE8}") = "Tests", "Tests", "{B5190C56-9655-4984-8866-7259FD051766}"
EndProject
Project("{2150E333-8FDC-42A3-9474-1A3956D46DE8}") = "Tests", "Tests", "{1126CA30-A652-4B5A-B162-42B9212B929D}"
EndProject
Project("{9A19103F-16F7-4668-BE54-9A1E7A4F7556}") = "MDD4All.SpecIF.DataModels", "MDD4All.SpecIF.DataModels\MDD4All.SpecIF.DataModels.csproj", "{C85C9648-0C50-4FFC-9EB1-584AD2EDA85F}"
EndProject
Project("{9A19103F-16F7-4668-BE54-9A1E7A4F7556}") = "MDD4All.SpecIF.DataModels.Manipulation", "MDD4All.SpecIF.DataModels.Manipulation\MDD4All.SpecIF.DataModels.Manipulation.csproj", "{061251C4-ED5C-4815-8963-0B6C7FEDC77C}"
EndProject
Project("{9A19103F-16F7-4668-BE54-9A1E7A4F7556}") = "MDD4All.MongoDB.DataAccess.Generic", "MDD4All.MongoDB.DataAccess.Generic\MDD4All.MongoDB.DataAccess.Generic.csproj", "{1B932CBC-5528-4398-B3BE-0911E930C5A2}"
EndProject
Project("{9A19103F-16F7-4668-BE54-9A1E7A4F7556}") = "MDD4All.SpecIF.DataProvider.Contracts", "MDD4All.SpecIF.DataProvider.Contracts\MDD4All.SpecIF.DataProvider.Contracts.csproj", "{4174D427-C31A-44C0-A4BA-9873FB40A1EC}"
EndProject
Project("{9A19103F-16F7-4668-BE54-9A1E7A4F7556}") = "MDD4All.SpecIF.DataProvider.File", "MDD4All.SpecIF.DataProvider.File\MDD4All.SpecIF.DataProvider.File.csproj", "{E7729686-625A-4802-84B7-DE8964DF0A3E}"
EndProject
Project("{9A19103F-16F7-4668-BE54-9A1E7A4F7556}") = "MDD4All.SpecIF.DataProvider.MongoDB", "MDD4All.SpecIF.DataProvider.MongoDB\MDD4All.SpecIF.DataProvider.MongoDB.csproj", "{50A9FAC7-3478-4B55-B5F8-777F95FD4D46}"
EndProject
Project("{9A19103F-16F7-4668-BE54-9A1E7A4F7556}") = "MDD4All.SpecIF.DataProvider.Integration", "MDD4All.SpecIF.DataProvider.Integration\MDD4All.SpecIF.DataProvider.Integration.csproj", "{FDFAEC20-5150-458A-98A1-29C34FBCD7FC}"
EndProject
Project("{9A19103F-16F7-4668-BE54-9A1E7A4F7556}") = "MDD4All.SpecIF.DataProvider.WebAPI", "MDD4All.SpecIF.DataProvider.WebAPI\MDD4All.SpecIF.DataProvider.WebAPI.csproj", "{BAA6490D-0CDA-4BD1-B9BE-51EE1A4B0B49}"
EndProject
Project("{9A19103F-16F7-4668-BE54-9A1E7A4F7556}") = "MDD4All.SpecIF.Converters", "MDD4All.SpecIF.Converters\MDD4All.SpecIF.Converters.csproj", "{A36200BB-8D73-4557-B22C-49E2AC480E75}"
EndProject
Project("{9A19103F-16F7-4668-BE54-9A1E7A4F7556}") = "MDD4All.SpecIF.ServiceDataProvider", "MDD4All.SpecIF.ServiceDataProvider\MDD4All.SpecIF.ServiceDataProvider.csproj", "{8D4A3336-9F5E-4516-B5A8-EA799B3F7183}"
EndProject
Project("{2150E333-8FDC-42A3-9474-1A3956D46DE8}") = "Solution Items", "Solution Items", "{96D36F63-7E94-4A54-83C3-1A3C5BB63D7E}"
	ProjectSection(SolutionItems) = preProject
		..\azure-pipelines.yml = ..\azure-pipelines.yml
		version.txt = version.txt
	EndProjectSection
EndProject
Global
	GlobalSection(SolutionConfigurationPlatforms) = preSolution
		Debug|Any CPU = Debug|Any CPU
		Release|Any CPU = Release|Any CPU
	EndGlobalSection
	GlobalSection(ProjectConfigurationPlatforms) = postSolution
		{C85C9648-0C50-4FFC-9EB1-584AD2EDA85F}.Debug|Any CPU.ActiveCfg = Debug|Any CPU
		{C85C9648-0C50-4FFC-9EB1-584AD2EDA85F}.Debug|Any CPU.Build.0 = Debug|Any CPU
		{C85C9648-0C50-4FFC-9EB1-584AD2EDA85F}.Release|Any CPU.ActiveCfg = Release|Any CPU
		{C85C9648-0C50-4FFC-9EB1-584AD2EDA85F}.Release|Any CPU.Build.0 = Release|Any CPU
		{061251C4-ED5C-4815-8963-0B6C7FEDC77C}.Debug|Any CPU.ActiveCfg = Debug|Any CPU
		{061251C4-ED5C-4815-8963-0B6C7FEDC77C}.Debug|Any CPU.Build.0 = Debug|Any CPU
		{061251C4-ED5C-4815-8963-0B6C7FEDC77C}.Release|Any CPU.ActiveCfg = Release|Any CPU
		{061251C4-ED5C-4815-8963-0B6C7FEDC77C}.Release|Any CPU.Build.0 = Release|Any CPU
		{1B932CBC-5528-4398-B3BE-0911E930C5A2}.Debug|Any CPU.ActiveCfg = Debug|Any CPU
		{1B932CBC-5528-4398-B3BE-0911E930C5A2}.Debug|Any CPU.Build.0 = Debug|Any CPU
		{1B932CBC-5528-4398-B3BE-0911E930C5A2}.Release|Any CPU.ActiveCfg = Release|Any CPU
		{1B932CBC-5528-4398-B3BE-0911E930C5A2}.Release|Any CPU.Build.0 = Release|Any CPU
		{4174D427-C31A-44C0-A4BA-9873FB40A1EC}.Debug|Any CPU.ActiveCfg = Debug|Any CPU
		{4174D427-C31A-44C0-A4BA-9873FB40A1EC}.Debug|Any CPU.Build.0 = Debug|Any CPU
		{4174D427-C31A-44C0-A4BA-9873FB40A1EC}.Release|Any CPU.ActiveCfg = Release|Any CPU
		{4174D427-C31A-44C0-A4BA-9873FB40A1EC}.Release|Any CPU.Build.0 = Release|Any CPU
		{E7729686-625A-4802-84B7-DE8964DF0A3E}.Debug|Any CPU.ActiveCfg = Debug|Any CPU
		{E7729686-625A-4802-84B7-DE8964DF0A3E}.Debug|Any CPU.Build.0 = Debug|Any CPU
		{E7729686-625A-4802-84B7-DE8964DF0A3E}.Release|Any CPU.ActiveCfg = Release|Any CPU
		{E7729686-625A-4802-84B7-DE8964DF0A3E}.Release|Any CPU.Build.0 = Release|Any CPU
		{50A9FAC7-3478-4B55-B5F8-777F95FD4D46}.Debug|Any CPU.ActiveCfg = Debug|Any CPU
		{50A9FAC7-3478-4B55-B5F8-777F95FD4D46}.Debug|Any CPU.Build.0 = Debug|Any CPU
		{50A9FAC7-3478-4B55-B5F8-777F95FD4D46}.Release|Any CPU.ActiveCfg = Release|Any CPU
		{50A9FAC7-3478-4B55-B5F8-777F95FD4D46}.Release|Any CPU.Build.0 = Release|Any CPU
		{FDFAEC20-5150-458A-98A1-29C34FBCD7FC}.Debug|Any CPU.ActiveCfg = Debug|Any CPU
		{FDFAEC20-5150-458A-98A1-29C34FBCD7FC}.Debug|Any CPU.Build.0 = Debug|Any CPU
		{FDFAEC20-5150-458A-98A1-29C34FBCD7FC}.Release|Any CPU.ActiveCfg = Release|Any CPU
		{FDFAEC20-5150-458A-98A1-29C34FBCD7FC}.Release|Any CPU.Build.0 = Release|Any CPU
		{BAA6490D-0CDA-4BD1-B9BE-51EE1A4B0B49}.Debug|Any CPU.ActiveCfg = Debug|Any CPU
		{BAA6490D-0CDA-4BD1-B9BE-51EE1A4B0B49}.Debug|Any CPU.Build.0 = Debug|Any CPU
		{BAA6490D-0CDA-4BD1-B9BE-51EE1A4B0B49}.Release|Any CPU.ActiveCfg = Release|Any CPU
		{BAA6490D-0CDA-4BD1-B9BE-51EE1A4B0B49}.Release|Any CPU.Build.0 = Release|Any CPU
		{A36200BB-8D73-4557-B22C-49E2AC480E75}.Debug|Any CPU.ActiveCfg = Debug|Any CPU
		{A36200BB-8D73-4557-B22C-49E2AC480E75}.Debug|Any CPU.Build.0 = Debug|Any CPU
		{A36200BB-8D73-4557-B22C-49E2AC480E75}.Release|Any CPU.ActiveCfg = Release|Any CPU
		{A36200BB-8D73-4557-B22C-49E2AC480E75}.Release|Any CPU.Build.0 = Release|Any CPU
		{8D4A3336-9F5E-4516-B5A8-EA799B3F7183}.Debug|Any CPU.ActiveCfg = Debug|Any CPU
		{8D4A3336-9F5E-4516-B5A8-EA799B3F7183}.Debug|Any CPU.Build.0 = Debug|Any CPU
		{8D4A3336-9F5E-4516-B5A8-EA799B3F7183}.Release|Any CPU.ActiveCfg = Release|Any CPU
		{8D4A3336-9F5E-4516-B5A8-EA799B3F7183}.Release|Any CPU.Build.0 = Release|Any CPU
	EndGlobalSection
	GlobalSection(SolutionProperties) = preSolution
		HideSolutionNode = FALSE
	EndGlobalSection
	GlobalSection(NestedProjects) = preSolution
		{EAB5FEEC-9DF7-48C7-9F0D-6C920E716F88} = {7D0FA414-B3D2-4264-A91F-EAA551CA5A5D}
		{E0FCAB9C-4D6A-4F00-974A-E87209D2D682} = {7DC60D00-FA4B-4C26-B32F-25D27611923A}
		{B5190C56-9655-4984-8866-7259FD051766} = {510CDA2A-99A0-4003-9F18-D255DAC52333}
		{1126CA30-A652-4B5A-B162-42B9212B929D} = {B5974E23-6F5A-4D50-AE40-B5A8F74F950C}
		{C85C9648-0C50-4FFC-9EB1-584AD2EDA85F} = {B5974E23-6F5A-4D50-AE40-B5A8F74F950C}
		{061251C4-ED5C-4815-8963-0B6C7FEDC77C} = {B5974E23-6F5A-4D50-AE40-B5A8F74F950C}
		{1B932CBC-5528-4398-B3BE-0911E930C5A2} = {510CDA2A-99A0-4003-9F18-D255DAC52333}
		{4174D427-C31A-44C0-A4BA-9873FB40A1EC} = {7DC60D00-FA4B-4C26-B32F-25D27611923A}
		{E7729686-625A-4802-84B7-DE8964DF0A3E} = {7DC60D00-FA4B-4C26-B32F-25D27611923A}
		{50A9FAC7-3478-4B55-B5F8-777F95FD4D46} = {7DC60D00-FA4B-4C26-B32F-25D27611923A}
		{FDFAEC20-5150-458A-98A1-29C34FBCD7FC} = {7DC60D00-FA4B-4C26-B32F-25D27611923A}
		{BAA6490D-0CDA-4BD1-B9BE-51EE1A4B0B49} = {7DC60D00-FA4B-4C26-B32F-25D27611923A}
		{A36200BB-8D73-4557-B22C-49E2AC480E75} = {7D0FA414-B3D2-4264-A91F-EAA551CA5A5D}
		{8D4A3336-9F5E-4516-B5A8-EA799B3F7183} = {7DC60D00-FA4B-4C26-B32F-25D27611923A}
	EndGlobalSection
	GlobalSection(ExtensibilityGlobals) = postSolution
		SolutionGuid = {C8F9327E-C222-4E00-A62F-20527B230190}
	EndGlobalSection
EndGlobal
