
Microsoft Visual Studio Solution File, Format Version 12.00
# Visual Studio Version 16
VisualStudioVersion = 16.0.30503.244
MinimumVisualStudioVersion = 10.0.40219.1
Project("{2150E333-8FDC-42A3-9474-1A3956D46DE8}") = "4_Converters", "4_Converters", "{7D0FA414-B3D2-4264-A91F-EAA551CA5A5D}"
EndProject
Project("{2150E333-8FDC-42A3-9474-1A3956D46DE8}") = "6_DataProviders", "6_DataProviders", "{7DC60D00-FA4B-4C26-B32F-25D27611923A}"
EndProject
Project("{2150E333-8FDC-42A3-9474-1A3956D46DE8}") = "7_DataAccess", "7_DataAccess", "{510CDA2A-99A0-4003-9F18-D255DAC52333}"
EndProject
Project("{2150E333-8FDC-42A3-9474-1A3956D46DE8}") = "8_DataModels", "8_DataModels", "{B5974E23-6F5A-4D50-AE40-B5A8F74F950C}"
EndProject
Project("{2150E333-8FDC-42A3-9474-1A3956D46DE8}") = "Tests", "Tests", "{EAB5FEEC-9DF7-48C7-9F0D-6C920E716F88}"
EndProject
Project("{2150E333-8FDC-42A3-9474-1A3956D46DE8}") = "Tests", "Tests", "{E0FCAB9C-4D6A-4F00-974A-E87209D2D682}"
EndProject
Project("{2150E333-8FDC-42A3-9474-1A3956D46DE8}") = "Tests", "Tests", "{B5190C56-9655-4984-8866-7259FD051766}"
EndProject
Project("{2150E333-8FDC-42A3-9474-1A3956D46DE8}") = "Tests", "Tests", "{1126CA30-A652-4B5A-B162-42B9212B929D}"
EndProject
Project("{2150E333-8FDC-42A3-9474-1A3956D46DE8}") = "Solution Items", "Solution Items", "{96D36F63-7E94-4A54-83C3-1A3C5BB63D7E}"
	ProjectSection(SolutionItems) = preProject
		.editorconfig = .editorconfig
		..\azure-pipelines.yml.deactivated = ..\azure-pipelines.yml.deactivated
		..\.github\workflows\dev-build.yml = ..\.github\workflows\dev-build.yml
		..\..\..\..\test\ResourceOutput.cs = ..\..\..\..\test\ResourceOutput.cs
		SpecIF_Backend.sln.licenseheader = SpecIF_Backend.sln.licenseheader
		StartInfrastructure.bat = StartInfrastructure.bat
		version.txt = version.txt
	EndProjectSection
EndProject
Project("{2150E333-8FDC-42A3-9474-1A3956D46DE8}") = "2_Microservices", "2_Microservices", "{A925129B-2A55-4DBA-8B2A-44BEB40F89EF}"
EndProject
Project("{2150E333-8FDC-42A3-9474-1A3956D46DE8}") = "1_Apps", "1_Apps", "{09BFA16E-6238-44C4-88D6-E0C2F182AF4F}"
EndProject
Project("{2150E333-8FDC-42A3-9474-1A3956D46DE8}") = "4.1_Generators", "4.1_Generators", "{18A03F70-C988-4C26-92AA-A4CD1F9101C8}"
EndProject
Project("{2150E333-8FDC-42A3-9474-1A3956D46DE8}") = "5_ViewModels", "5_ViewModels", "{958B5E9B-FC18-49A1-B52A-0C582AACD86F}"
EndProject
Project("{2150E333-8FDC-42A3-9474-1A3956D46DE8}") = "3_DataIntegrators", "3_DataIntegrators", "{6625B47F-2449-4B53-9F55-D45C813DF411}"
EndProject
Project("{2150E333-8FDC-42A3-9474-1A3956D46DE8}") = "9_Common", "9_Common", "{9729D024-D566-421A-B432-4465C30B0692}"
EndProject
Project("{2150E333-8FDC-42A3-9474-1A3956D46DE8}") = "9.1_Configuration", "9.1_Configuration", "{DC91C609-C71E-4D2C-A0DF-C5452BBBA0C0}"
EndProject
Project("{9A19103F-16F7-4668-BE54-9A1E7A4F7556}") = "MDD4All.Configuration", "MDD4All.Configuration\src\MDD4All.Configuration\MDD4All.Configuration.csproj", "{2F1E85AE-67C5-410A-8569-D9D00E403DDA}"
EndProject
Project("{FAE04EC0-301F-11D3-BF4B-00C04F79EFBC}") = "MDD4All.Configuration.Views", "MDD4All.Configuration\src\MDD4All.Configuration.Views\MDD4All.Configuration.Views.csproj", "{49D188E4-DA77-408D-A618-B4467CD3C4BD}"
EndProject
Project("{9A19103F-16F7-4668-BE54-9A1E7A4F7556}") = "MDD4All.Jira.DataModels", "MDD4All.Jira.DataModels\src\MDD4All.Jira.DataModels\MDD4All.Jira.DataModels.csproj", "{EC71A733-6915-4173-B593-425C541EFF6B}"
EndProject
Project("{9A19103F-16F7-4668-BE54-9A1E7A4F7556}") = "MDD4All.SpecIF.DataModels.RightsManagement", "MDD4All.SpecIF.DataModels.RightsManagement\src\MDD4All.SpecIF.DataModels.RightsManagement\MDD4All.SpecIF.DataModels.RightsManagement.csproj", "{4BF65262-85DA-478A-90B2-A45CD801EF83}"
EndProject
Project("{9A19103F-16F7-4668-BE54-9A1E7A4F7556}") = "MDD4All.SVG.DataModels", "MDD4All.SVG.DataModels\src\MDD4All.SVG.DataModels\MDD4All.SVG.DataModels.csproj", "{8695D734-D3F3-44EE-A061-9B4704FE3724}"
EndProject
Project("{9A19103F-16F7-4668-BE54-9A1E7A4F7556}") = "MDD4All.SpecIF.DataModels.Manipulation-dev", "MDD4All.SpecIF.DataModels.Manipulation\src\MDD4All.SpecIF.DataModels.Manipulation\MDD4All.SpecIF.DataModels.Manipulation-dev.csproj", "{77EFC2A2-5CEC-4286-ABB4-A9488FC3A7CE}"
EndProject
Project("{9A19103F-16F7-4668-BE54-9A1E7A4F7556}") = "MDD4All.SpecIF.DataProvider.Contracts-dev", "MDD4All.SpecIF.DataProvider.Contracts\src\MDD4All.SpecIF.DataProvider.Contracts\MDD4All.SpecIF.DataProvider.Contracts-dev.csproj", "{95D8FEB4-5455-4104-B2A8-0B9487A489CD}"
EndProject
Project("{9A19103F-16F7-4668-BE54-9A1E7A4F7556}") = "MDD4All.SpecIF.DataProvider.File-dev", "MDD4All.SpecIF.DataProvider.File\src\MDD4All.SpecIF.DataProvider.File\MDD4All.SpecIF.DataProvider.File-dev.csproj", "{6E28A28C-D8D3-4870-98CF-4A3A03F6973C}"
EndProject
Project("{9A19103F-16F7-4668-BE54-9A1E7A4F7556}") = "MDD4All.SpecIF.Generators.Vocabulary-dev", "MDD4All.SpecIF.Generators.Vocabulary\src\MDD4All.SpecIF.Generators.Vocabulary\MDD4All.SpecIF.Generators.Vocabulary-dev.csproj", "{FE5D8DBF-67B0-40FE-B9CD-6E073E56D44D}"
EndProject
Project("{9A19103F-16F7-4668-BE54-9A1E7A4F7556}") = "MDD4All.SpecIF.DataAccess.Jira-dev", "MDD4All.SpecIF.DataAccess.Jira\src\MDD4All.SpecIF.DataAccess.Jira\MDD4All.SpecIF.DataAccess.Jira-dev.csproj", "{0FB7ED59-7102-4716-BFD1-4B28E9E88A60}"
EndProject
Project("{9A19103F-16F7-4668-BE54-9A1E7A4F7556}") = "MDD4All.SpecIF.DataFactory-dev", "MDD4All.SpecIF.DataFactory\src\MDD4All.SpecIF.DataFactory\MDD4All.SpecIF.DataFactory-dev.csproj", "{44BA1179-6575-4AA5-9CEB-DB54AF718CA5}"
EndProject
Project("{9A19103F-16F7-4668-BE54-9A1E7A4F7556}") = "MDD4All.SpecIF.DataProvider.Jira-dev", "MDD4All.SpecIF.DataProvider.Jira\src\MDD4All.SpecIF.DataProvider.Jira\MDD4All.SpecIF.DataProvider.Jira-dev.csproj", "{C918091E-16B0-4C93-B6FF-5BC7EE79A899}"
EndProject
Project("{9A19103F-16F7-4668-BE54-9A1E7A4F7556}") = "MDD4All.SpecIF.DataProvider.EA-dev", "MDD4All.SpecIF.DataProvider.EA\src\MDD4All.SpecIF.DataProvider.EA\MDD4All.SpecIF.DataProvider.EA-dev.csproj", "{73D5D8D9-3FCC-462A-982F-BE44F5499044}"
EndProject
Project("{9A19103F-16F7-4668-BE54-9A1E7A4F7556}") = "MDD4All.SpecIF.DataProvider.MongoDB-dev", "MDD4All.SpecIF.DataProvider.MongoDB\src\MDD4All.SpecIF.DataProvider.MongoDB\MDD4All.SpecIF.DataProvider.MongoDB-dev.csproj", "{AE357B43-07C9-47EC-9BF5-DF0281A14D00}"
EndProject
Project("{9A19103F-16F7-4668-BE54-9A1E7A4F7556}") = "MDD4All.SpecIF.DataIntegrator.EA-dev", "MDD4All.SpecIF.DataIntegrator.EA\src\MDD4All.SpecIF.DataIntegrator.EA\MDD4All.SpecIF.DataIntegrator.EA-dev.csproj", "{7D05D418-DC7E-4625-AF6D-D9A81C02657D}"
EndProject
Project("{9A19103F-16F7-4668-BE54-9A1E7A4F7556}") = "MDD4All.SpecIF.DataIntegrator.Contracts-dev", "MDD4All.SpecIF.DataIntegrator.Contracts\src\MDD4All.SpecIF.DataIntegrator.Contracts\MDD4All.SpecIF.DataIntegrator.Contracts-dev.csproj", "{9F65EDFE-840A-4FB1-BAED-1205CD6BC4BB}"
EndProject
Project("{9A19103F-16F7-4668-BE54-9A1E7A4F7556}") = "MDD4All.SpecIf.Microservice-dev", "MDD4All.SpecIF.Microservice\MDD4All.SpecIf.Microservice-dev.csproj", "{B735769E-0E8D-4403-8AAC-C2C17330AC2B}"
EndProject
Project("{9A19103F-16F7-4668-BE54-9A1E7A4F7556}") = "MDD4All.SpecIF.DataProvider.WebAPI-dev", "MDD4All.SpecIF.DataProvider.WebAPI\src\MDD4All.SpecIF.DataProvvider.WebAPI\MDD4All.SpecIF.DataProvider.WebAPI-dev.csproj", "{2CC3FA8A-174E-4041-9B0B-35F92BA4E05C}"
EndProject
Project("{9A19103F-16F7-4668-BE54-9A1E7A4F7556}") = "MDD4All.SpecIF.DataProvider.Integration-dev", "MDD4All.SpecIF.DataProvider.Integration\src\MDD4All.SpecIF.DataProvvider.Integration\MDD4All.SpecIF.DataProvider.Integration-dev.csproj", "{DCFDE569-0666-45F8-A4D5-84346ED8DACA}"
EndProject
Project("{9A19103F-16F7-4668-BE54-9A1E7A4F7556}") = "MDD4All.SpecIF.ServiceDataProvider-dev", "MDD4All.SpecIF.ServiceDataProvider\src\MDD4All.SpecIF.ServiceDataProvvider\MDD4All.SpecIF.ServiceDataProvider-dev.csproj", "{F96D2184-C03F-49C8-AA90-0AB2FC6FDB3E}"
EndProject
Project("{9A19103F-16F7-4668-BE54-9A1E7A4F7556}") = "MDD4All.Kafka.DataAccess-dev", "MDD4All.Kafka.DataAccess\src\MDD4All.Kafka.DataAccess\MDD4All.Kafka.DataAccess-dev.csproj", "{47F5D654-4175-47D6-9508-852BB9AE9FAE}"
EndProject
Project("{9A19103F-16F7-4668-BE54-9A1E7A4F7556}") = "MDD4All.SpecIF.DataIntegrator.KafkaListener-dev", "MDD4All.SpecIF.DataIntegrator.KafkaListener\src\MDD4All.SpecIF.DataIntegrator.KafkaListener\MDD4All.SpecIF.DataIntegrator.KafkaListener-dev.csproj", "{FBA2C328-0B89-47A9-9B21-70113A5945A2}"
EndProject
Project("{9A19103F-16F7-4668-BE54-9A1E7A4F7556}") = "MDD4All.SpecIF.ViewModels.IntegrationService-dev", "MDD4All.SpecIF.ViewModels.IntegrationService\src\MDD4All.SpecIF.ViewModels.IntegrationService\MDD4All.SpecIF.ViewModels.IntegrationService-dev.csproj", "{54C4CC5B-33B1-426F-920D-6D6866DB60F7}"
EndProject
Project("{9A19103F-16F7-4668-BE54-9A1E7A4F7556}") = "MDD4All.SpecIF.ViewModels.SpecIfEvent-dev", "MDD4All.SpecIF.ViewModels.SpecIfEvent\src\MDD4All.SpecIF.ViewModels.SpecIfEvent\MDD4All.SpecIF.ViewModels.SpecIfEvent-dev.csproj", "{7844039D-7CDE-4FD2-B782-2ED9AD3333B0}"
EndProject
Project("{9A19103F-16F7-4668-BE54-9A1E7A4F7556}") = "MDD4All.SpecIF.Converters-dev", "MDD4All.SpecIF.Converters\src\MDD4All.SpecIF.Converters\MDD4All.SpecIF.Converters-dev.csproj", "{44C4A296-C840-4D6E-ADBC-422AF065386B}"
EndProject
Project("{9A19103F-16F7-4668-BE54-9A1E7A4F7556}") = "MDD4All.SpecIF.Apps.MongoDbInitializer-dev", "MDD4All.SpecIF.Apps.MongoDbInitializer\src\MDD4All.SpecIF.Apps.MongoDbInitializer\MDD4All.SpecIF.Apps.MongoDbInitializer-dev.csproj", "{12FCD4D5-DA93-42A5-9219-B2DA47AEE286}"
EndProject
Project("{9A19103F-16F7-4668-BE54-9A1E7A4F7556}") = "MDD4All.SpecIF.Apps.ServiceStarter-dev", "MDD4All.SpecIF.Apps.ServiceStarter\src\MDD4All.SpecIF.Apps.ServiceStarter\MDD4All.SpecIF.Apps.ServiceStarter-dev.csproj", "{BA55E906-4CE8-419E-BD6C-9273E6A35E93}"
EndProject
Project("{9A19103F-16F7-4668-BE54-9A1E7A4F7556}") = "MDD4All.SpecIF.DataModels.Test", "MDD4All.SpecIF.DataModels\src\MDD4All.SpecIF.DataModels.Test\MDD4All.SpecIF.DataModels.Test.csproj", "{FCFBB98E-F2CE-4D08-98F6-BEEAE5E99EEB}"
EndProject
Project("{FAE04EC0-301F-11D3-BF4B-00C04F79EFBC}") = "MDD4All.SpecIF.Apps.EaPlugin-dev", "MDD4All.SpecIF.Apps.EaPlugin\src\MDD4All.SpecIF.Apps.EaPlugin-dev\MDD4All.SpecIF.Apps.EaPlugin-dev.csproj", "{C8C1DC9D-389A-4FCF-A932-E2E355A0AD04}"
EndProject
Project("{9A19103F-16F7-4668-BE54-9A1E7A4F7556}") = "MDD4All.SpecIF.Converters.Test-dev", "MDD4All.SpecIF.Converters\src\MDD4All.SpecIF.Converters.Test\MDD4All.SpecIF.Converters.Test-dev.csproj", "{4C93F4CB-B65E-42AD-967A-74685C24C20D}"
EndProject
Project("{9A19103F-16F7-4668-BE54-9A1E7A4F7556}") = "MDD4All.SpecIF.Microservice.JiraWebhook-dev", "MDD4All.SpecIF.Microservice.JiraWebhook\src\MDD4All.SpecIF.Microservice.JiraWebhook\MDD4All.SpecIF.Microservice.JiraWebhook-dev.csproj", "{7CA103B3-8E9C-4702-B8DE-748889F3EF7F}"
EndProject
Project("{9A19103F-16F7-4668-BE54-9A1E7A4F7556}") = "MDD4All.Jira.DataAccess-dev", "MDD4All.Jira.DataAccess\src\MDD4All.Jira.DataAccess\MDD4All.Jira.DataAccess-dev.csproj", "{8ABFF3FE-1E10-4B05-91D8-33768C5E525B}"
EndProject
Project("{9A19103F-16F7-4668-BE54-9A1E7A4F7556}") = "MDD4All.SpecIF.DataProvider.EA.Test-dev", "MDD4All.SpecIF.DataProvider.EA\src\MDD4All.SoecIF.DataProvider.EA.Test\MDD4All.SpecIF.DataProvider.EA.Test-dev.csproj", "{11EED8F7-6C6B-440B-8C3A-FB818BFA9074}"
EndProject
Project("{9A19103F-16F7-4668-BE54-9A1E7A4F7556}") = "MDD4All.Excel.DataAccess-dev", "MDD4All.Excel.DataAccess\src\MDD4All.Excel.DataAccess\MDD4All.Excel.DataAccess-dev.csproj", "{607ED0C9-33F1-4C05-A494-9C869C58EB26}"
EndProject
Project("{9A19103F-16F7-4668-BE54-9A1E7A4F7556}") = "MDD4All.SpecIF.DataModels-dev", "MDD4All.SpecIF.DataModels\src\MDD4All.SpecIF.DataModels\MDD4All.SpecIF.DataModels-dev.csproj", "{6072F3DE-1D49-474C-A028-DA77F03AFDD8}"
EndProject
Project("{9A19103F-16F7-4668-BE54-9A1E7A4F7556}") = "MDD4All.SpecIF.DataModels.DiagramInterchange-dev", "MDD4All.SpecIF.DataModels.DiagramInterchange\src\MDD4All.SpecIF.DataModels.DiagramInterchange\MDD4All.SpecIF.DataModels.DiagramInterchange-dev.csproj", "{66863EDF-4051-4B12-804D-652A6A102450}"
EndProject
Project("{9A19103F-16F7-4668-BE54-9A1E7A4F7556}") = "MDD4All.EnterpriseArchitect.SvgGenerator-dev", "SvgGeneration\src\MDD4All.EnterpriseArchitect.SvgGenerator\MDD4All.EnterpriseArchitect.SvgGenerator-dev.csproj", "{0352527A-13AA-489F-A56B-1197156182AC}"
EndProject
Global
	GlobalSection(SolutionConfigurationPlatforms) = preSolution
		Debug|Any CPU = Debug|Any CPU
		Debug|x86 = Debug|x86
		Release|Any CPU = Release|Any CPU
		Release|x86 = Release|x86
	EndGlobalSection
	GlobalSection(ProjectConfigurationPlatforms) = postSolution
		{2F1E85AE-67C5-410A-8569-D9D00E403DDA}.Debug|Any CPU.ActiveCfg = Debug|Any CPU
		{2F1E85AE-67C5-410A-8569-D9D00E403DDA}.Debug|Any CPU.Build.0 = Debug|Any CPU
		{2F1E85AE-67C5-410A-8569-D9D00E403DDA}.Debug|x86.ActiveCfg = Debug|Any CPU
		{2F1E85AE-67C5-410A-8569-D9D00E403DDA}.Debug|x86.Build.0 = Debug|Any CPU
		{2F1E85AE-67C5-410A-8569-D9D00E403DDA}.Release|Any CPU.ActiveCfg = Release|Any CPU
		{2F1E85AE-67C5-410A-8569-D9D00E403DDA}.Release|Any CPU.Build.0 = Release|Any CPU
		{2F1E85AE-67C5-410A-8569-D9D00E403DDA}.Release|x86.ActiveCfg = Release|Any CPU
		{2F1E85AE-67C5-410A-8569-D9D00E403DDA}.Release|x86.Build.0 = Release|Any CPU
		{49D188E4-DA77-408D-A618-B4467CD3C4BD}.Debug|Any CPU.ActiveCfg = Debug|Any CPU
		{49D188E4-DA77-408D-A618-B4467CD3C4BD}.Debug|Any CPU.Build.0 = Debug|Any CPU
		{49D188E4-DA77-408D-A618-B4467CD3C4BD}.Debug|x86.ActiveCfg = Debug|Any CPU
		{49D188E4-DA77-408D-A618-B4467CD3C4BD}.Debug|x86.Build.0 = Debug|Any CPU
		{49D188E4-DA77-408D-A618-B4467CD3C4BD}.Release|Any CPU.ActiveCfg = Release|Any CPU
		{49D188E4-DA77-408D-A618-B4467CD3C4BD}.Release|Any CPU.Build.0 = Release|Any CPU
		{49D188E4-DA77-408D-A618-B4467CD3C4BD}.Release|x86.ActiveCfg = Release|Any CPU
		{49D188E4-DA77-408D-A618-B4467CD3C4BD}.Release|x86.Build.0 = Release|Any CPU
		{EC71A733-6915-4173-B593-425C541EFF6B}.Debug|Any CPU.ActiveCfg = Debug|Any CPU
		{EC71A733-6915-4173-B593-425C541EFF6B}.Debug|Any CPU.Build.0 = Debug|Any CPU
		{EC71A733-6915-4173-B593-425C541EFF6B}.Debug|x86.ActiveCfg = Debug|Any CPU
		{EC71A733-6915-4173-B593-425C541EFF6B}.Debug|x86.Build.0 = Debug|Any CPU
		{EC71A733-6915-4173-B593-425C541EFF6B}.Release|Any CPU.ActiveCfg = Release|Any CPU
		{EC71A733-6915-4173-B593-425C541EFF6B}.Release|Any CPU.Build.0 = Release|Any CPU
		{EC71A733-6915-4173-B593-425C541EFF6B}.Release|x86.ActiveCfg = Release|Any CPU
		{EC71A733-6915-4173-B593-425C541EFF6B}.Release|x86.Build.0 = Release|Any CPU
		{4BF65262-85DA-478A-90B2-A45CD801EF83}.Debug|Any CPU.ActiveCfg = Debug|Any CPU
		{4BF65262-85DA-478A-90B2-A45CD801EF83}.Debug|Any CPU.Build.0 = Debug|Any CPU
		{4BF65262-85DA-478A-90B2-A45CD801EF83}.Debug|x86.ActiveCfg = Debug|Any CPU
		{4BF65262-85DA-478A-90B2-A45CD801EF83}.Debug|x86.Build.0 = Debug|Any CPU
		{4BF65262-85DA-478A-90B2-A45CD801EF83}.Release|Any CPU.ActiveCfg = Release|Any CPU
		{4BF65262-85DA-478A-90B2-A45CD801EF83}.Release|Any CPU.Build.0 = Release|Any CPU
		{4BF65262-85DA-478A-90B2-A45CD801EF83}.Release|x86.ActiveCfg = Release|Any CPU
		{4BF65262-85DA-478A-90B2-A45CD801EF83}.Release|x86.Build.0 = Release|Any CPU
		{8695D734-D3F3-44EE-A061-9B4704FE3724}.Debug|Any CPU.ActiveCfg = Debug|Any CPU
		{8695D734-D3F3-44EE-A061-9B4704FE3724}.Debug|Any CPU.Build.0 = Debug|Any CPU
		{8695D734-D3F3-44EE-A061-9B4704FE3724}.Debug|x86.ActiveCfg = Debug|Any CPU
		{8695D734-D3F3-44EE-A061-9B4704FE3724}.Debug|x86.Build.0 = Debug|Any CPU
		{8695D734-D3F3-44EE-A061-9B4704FE3724}.Release|Any CPU.ActiveCfg = Release|Any CPU
		{8695D734-D3F3-44EE-A061-9B4704FE3724}.Release|Any CPU.Build.0 = Release|Any CPU
		{8695D734-D3F3-44EE-A061-9B4704FE3724}.Release|x86.ActiveCfg = Release|Any CPU
		{8695D734-D3F3-44EE-A061-9B4704FE3724}.Release|x86.Build.0 = Release|Any CPU
		{77EFC2A2-5CEC-4286-ABB4-A9488FC3A7CE}.Debug|Any CPU.ActiveCfg = Debug|Any CPU
		{77EFC2A2-5CEC-4286-ABB4-A9488FC3A7CE}.Debug|Any CPU.Build.0 = Debug|Any CPU
		{77EFC2A2-5CEC-4286-ABB4-A9488FC3A7CE}.Debug|x86.ActiveCfg = Debug|x86
		{77EFC2A2-5CEC-4286-ABB4-A9488FC3A7CE}.Debug|x86.Build.0 = Debug|x86
		{77EFC2A2-5CEC-4286-ABB4-A9488FC3A7CE}.Release|Any CPU.ActiveCfg = Release|Any CPU
		{77EFC2A2-5CEC-4286-ABB4-A9488FC3A7CE}.Release|Any CPU.Build.0 = Release|Any CPU
		{77EFC2A2-5CEC-4286-ABB4-A9488FC3A7CE}.Release|x86.ActiveCfg = Release|x86
		{77EFC2A2-5CEC-4286-ABB4-A9488FC3A7CE}.Release|x86.Build.0 = Release|x86
		{95D8FEB4-5455-4104-B2A8-0B9487A489CD}.Debug|Any CPU.ActiveCfg = Debug|Any CPU
		{95D8FEB4-5455-4104-B2A8-0B9487A489CD}.Debug|Any CPU.Build.0 = Debug|Any CPU
		{95D8FEB4-5455-4104-B2A8-0B9487A489CD}.Debug|x86.ActiveCfg = Debug|Any CPU
		{95D8FEB4-5455-4104-B2A8-0B9487A489CD}.Debug|x86.Build.0 = Debug|Any CPU
		{95D8FEB4-5455-4104-B2A8-0B9487A489CD}.Release|Any CPU.ActiveCfg = Release|Any CPU
		{95D8FEB4-5455-4104-B2A8-0B9487A489CD}.Release|Any CPU.Build.0 = Release|Any CPU
		{95D8FEB4-5455-4104-B2A8-0B9487A489CD}.Release|x86.ActiveCfg = Release|Any CPU
		{95D8FEB4-5455-4104-B2A8-0B9487A489CD}.Release|x86.Build.0 = Release|Any CPU
		{6E28A28C-D8D3-4870-98CF-4A3A03F6973C}.Debug|Any CPU.ActiveCfg = Debug|Any CPU
		{6E28A28C-D8D3-4870-98CF-4A3A03F6973C}.Debug|Any CPU.Build.0 = Debug|Any CPU
		{6E28A28C-D8D3-4870-98CF-4A3A03F6973C}.Debug|x86.ActiveCfg = Debug|x86
		{6E28A28C-D8D3-4870-98CF-4A3A03F6973C}.Debug|x86.Build.0 = Debug|x86
		{6E28A28C-D8D3-4870-98CF-4A3A03F6973C}.Release|Any CPU.ActiveCfg = Release|Any CPU
		{6E28A28C-D8D3-4870-98CF-4A3A03F6973C}.Release|Any CPU.Build.0 = Release|Any CPU
		{6E28A28C-D8D3-4870-98CF-4A3A03F6973C}.Release|x86.ActiveCfg = Release|x86
		{6E28A28C-D8D3-4870-98CF-4A3A03F6973C}.Release|x86.Build.0 = Release|x86
		{FE5D8DBF-67B0-40FE-B9CD-6E073E56D44D}.Debug|Any CPU.ActiveCfg = Debug|Any CPU
		{FE5D8DBF-67B0-40FE-B9CD-6E073E56D44D}.Debug|Any CPU.Build.0 = Debug|Any CPU
		{FE5D8DBF-67B0-40FE-B9CD-6E073E56D44D}.Debug|x86.ActiveCfg = Debug|Any CPU
		{FE5D8DBF-67B0-40FE-B9CD-6E073E56D44D}.Debug|x86.Build.0 = Debug|Any CPU
		{FE5D8DBF-67B0-40FE-B9CD-6E073E56D44D}.Release|Any CPU.ActiveCfg = Release|Any CPU
		{FE5D8DBF-67B0-40FE-B9CD-6E073E56D44D}.Release|Any CPU.Build.0 = Release|Any CPU
		{FE5D8DBF-67B0-40FE-B9CD-6E073E56D44D}.Release|x86.ActiveCfg = Release|Any CPU
		{FE5D8DBF-67B0-40FE-B9CD-6E073E56D44D}.Release|x86.Build.0 = Release|Any CPU
		{0FB7ED59-7102-4716-BFD1-4B28E9E88A60}.Debug|Any CPU.ActiveCfg = Debug|Any CPU
		{0FB7ED59-7102-4716-BFD1-4B28E9E88A60}.Debug|Any CPU.Build.0 = Debug|Any CPU
		{0FB7ED59-7102-4716-BFD1-4B28E9E88A60}.Debug|x86.ActiveCfg = Debug|Any CPU
		{0FB7ED59-7102-4716-BFD1-4B28E9E88A60}.Debug|x86.Build.0 = Debug|Any CPU
		{0FB7ED59-7102-4716-BFD1-4B28E9E88A60}.Release|Any CPU.ActiveCfg = Release|Any CPU
		{0FB7ED59-7102-4716-BFD1-4B28E9E88A60}.Release|Any CPU.Build.0 = Release|Any CPU
		{0FB7ED59-7102-4716-BFD1-4B28E9E88A60}.Release|x86.ActiveCfg = Release|Any CPU
		{0FB7ED59-7102-4716-BFD1-4B28E9E88A60}.Release|x86.Build.0 = Release|Any CPU
		{44BA1179-6575-4AA5-9CEB-DB54AF718CA5}.Debug|Any CPU.ActiveCfg = Debug|Any CPU
		{44BA1179-6575-4AA5-9CEB-DB54AF718CA5}.Debug|Any CPU.Build.0 = Debug|Any CPU
		{44BA1179-6575-4AA5-9CEB-DB54AF718CA5}.Debug|x86.ActiveCfg = Debug|Any CPU
		{44BA1179-6575-4AA5-9CEB-DB54AF718CA5}.Debug|x86.Build.0 = Debug|Any CPU
		{44BA1179-6575-4AA5-9CEB-DB54AF718CA5}.Release|Any CPU.ActiveCfg = Release|Any CPU
		{44BA1179-6575-4AA5-9CEB-DB54AF718CA5}.Release|Any CPU.Build.0 = Release|Any CPU
		{44BA1179-6575-4AA5-9CEB-DB54AF718CA5}.Release|x86.ActiveCfg = Release|Any CPU
		{44BA1179-6575-4AA5-9CEB-DB54AF718CA5}.Release|x86.Build.0 = Release|Any CPU
		{C918091E-16B0-4C93-B6FF-5BC7EE79A899}.Debug|Any CPU.ActiveCfg = Debug|Any CPU
		{C918091E-16B0-4C93-B6FF-5BC7EE79A899}.Debug|Any CPU.Build.0 = Debug|Any CPU
		{C918091E-16B0-4C93-B6FF-5BC7EE79A899}.Debug|x86.ActiveCfg = Debug|Any CPU
		{C918091E-16B0-4C93-B6FF-5BC7EE79A899}.Debug|x86.Build.0 = Debug|Any CPU
		{C918091E-16B0-4C93-B6FF-5BC7EE79A899}.Release|Any CPU.ActiveCfg = Release|Any CPU
		{C918091E-16B0-4C93-B6FF-5BC7EE79A899}.Release|Any CPU.Build.0 = Release|Any CPU
		{C918091E-16B0-4C93-B6FF-5BC7EE79A899}.Release|x86.ActiveCfg = Release|Any CPU
		{C918091E-16B0-4C93-B6FF-5BC7EE79A899}.Release|x86.Build.0 = Release|Any CPU
		{73D5D8D9-3FCC-462A-982F-BE44F5499044}.Debug|Any CPU.ActiveCfg = Debug|Any CPU
		{73D5D8D9-3FCC-462A-982F-BE44F5499044}.Debug|Any CPU.Build.0 = Debug|Any CPU
		{73D5D8D9-3FCC-462A-982F-BE44F5499044}.Debug|x86.ActiveCfg = Debug|Any CPU
		{73D5D8D9-3FCC-462A-982F-BE44F5499044}.Debug|x86.Build.0 = Debug|Any CPU
		{73D5D8D9-3FCC-462A-982F-BE44F5499044}.Release|Any CPU.ActiveCfg = Release|Any CPU
		{73D5D8D9-3FCC-462A-982F-BE44F5499044}.Release|Any CPU.Build.0 = Release|Any CPU
		{73D5D8D9-3FCC-462A-982F-BE44F5499044}.Release|x86.ActiveCfg = Release|Any CPU
		{73D5D8D9-3FCC-462A-982F-BE44F5499044}.Release|x86.Build.0 = Release|Any CPU
		{AE357B43-07C9-47EC-9BF5-DF0281A14D00}.Debug|Any CPU.ActiveCfg = Debug|Any CPU
		{AE357B43-07C9-47EC-9BF5-DF0281A14D00}.Debug|Any CPU.Build.0 = Debug|Any CPU
		{AE357B43-07C9-47EC-9BF5-DF0281A14D00}.Debug|x86.ActiveCfg = Debug|x86
		{AE357B43-07C9-47EC-9BF5-DF0281A14D00}.Debug|x86.Build.0 = Debug|x86
		{AE357B43-07C9-47EC-9BF5-DF0281A14D00}.Release|Any CPU.ActiveCfg = Release|Any CPU
		{AE357B43-07C9-47EC-9BF5-DF0281A14D00}.Release|Any CPU.Build.0 = Release|Any CPU
		{AE357B43-07C9-47EC-9BF5-DF0281A14D00}.Release|x86.ActiveCfg = Release|x86
		{AE357B43-07C9-47EC-9BF5-DF0281A14D00}.Release|x86.Build.0 = Release|x86
		{7D05D418-DC7E-4625-AF6D-D9A81C02657D}.Debug|Any CPU.ActiveCfg = Debug|Any CPU
		{7D05D418-DC7E-4625-AF6D-D9A81C02657D}.Debug|Any CPU.Build.0 = Debug|Any CPU
		{7D05D418-DC7E-4625-AF6D-D9A81C02657D}.Debug|x86.ActiveCfg = Debug|Any CPU
		{7D05D418-DC7E-4625-AF6D-D9A81C02657D}.Debug|x86.Build.0 = Debug|Any CPU
		{7D05D418-DC7E-4625-AF6D-D9A81C02657D}.Release|Any CPU.ActiveCfg = Release|Any CPU
		{7D05D418-DC7E-4625-AF6D-D9A81C02657D}.Release|Any CPU.Build.0 = Release|Any CPU
		{7D05D418-DC7E-4625-AF6D-D9A81C02657D}.Release|x86.ActiveCfg = Release|Any CPU
		{7D05D418-DC7E-4625-AF6D-D9A81C02657D}.Release|x86.Build.0 = Release|Any CPU
		{9F65EDFE-840A-4FB1-BAED-1205CD6BC4BB}.Debug|Any CPU.ActiveCfg = Debug|Any CPU
		{9F65EDFE-840A-4FB1-BAED-1205CD6BC4BB}.Debug|Any CPU.Build.0 = Debug|Any CPU
		{9F65EDFE-840A-4FB1-BAED-1205CD6BC4BB}.Debug|x86.ActiveCfg = Debug|Any CPU
		{9F65EDFE-840A-4FB1-BAED-1205CD6BC4BB}.Debug|x86.Build.0 = Debug|Any CPU
		{9F65EDFE-840A-4FB1-BAED-1205CD6BC4BB}.Release|Any CPU.ActiveCfg = Release|Any CPU
		{9F65EDFE-840A-4FB1-BAED-1205CD6BC4BB}.Release|Any CPU.Build.0 = Release|Any CPU
		{9F65EDFE-840A-4FB1-BAED-1205CD6BC4BB}.Release|x86.ActiveCfg = Release|Any CPU
		{9F65EDFE-840A-4FB1-BAED-1205CD6BC4BB}.Release|x86.Build.0 = Release|Any CPU
		{B735769E-0E8D-4403-8AAC-C2C17330AC2B}.Debug|Any CPU.ActiveCfg = Debug|Any CPU
		{B735769E-0E8D-4403-8AAC-C2C17330AC2B}.Debug|Any CPU.Build.0 = Debug|Any CPU
		{B735769E-0E8D-4403-8AAC-C2C17330AC2B}.Debug|x86.ActiveCfg = Debug|Any CPU
		{B735769E-0E8D-4403-8AAC-C2C17330AC2B}.Debug|x86.Build.0 = Debug|Any CPU
		{B735769E-0E8D-4403-8AAC-C2C17330AC2B}.Release|Any CPU.ActiveCfg = Release|Any CPU
		{B735769E-0E8D-4403-8AAC-C2C17330AC2B}.Release|Any CPU.Build.0 = Release|Any CPU
		{B735769E-0E8D-4403-8AAC-C2C17330AC2B}.Release|x86.ActiveCfg = Release|Any CPU
		{B735769E-0E8D-4403-8AAC-C2C17330AC2B}.Release|x86.Build.0 = Release|Any CPU
		{2CC3FA8A-174E-4041-9B0B-35F92BA4E05C}.Debug|Any CPU.ActiveCfg = Debug|Any CPU
		{2CC3FA8A-174E-4041-9B0B-35F92BA4E05C}.Debug|Any CPU.Build.0 = Debug|Any CPU
		{2CC3FA8A-174E-4041-9B0B-35F92BA4E05C}.Debug|x86.ActiveCfg = Debug|Any CPU
		{2CC3FA8A-174E-4041-9B0B-35F92BA4E05C}.Debug|x86.Build.0 = Debug|Any CPU
		{2CC3FA8A-174E-4041-9B0B-35F92BA4E05C}.Release|Any CPU.ActiveCfg = Release|Any CPU
		{2CC3FA8A-174E-4041-9B0B-35F92BA4E05C}.Release|Any CPU.Build.0 = Release|Any CPU
		{2CC3FA8A-174E-4041-9B0B-35F92BA4E05C}.Release|x86.ActiveCfg = Release|Any CPU
		{2CC3FA8A-174E-4041-9B0B-35F92BA4E05C}.Release|x86.Build.0 = Release|Any CPU
		{DCFDE569-0666-45F8-A4D5-84346ED8DACA}.Debug|Any CPU.ActiveCfg = Debug|Any CPU
		{DCFDE569-0666-45F8-A4D5-84346ED8DACA}.Debug|Any CPU.Build.0 = Debug|Any CPU
		{DCFDE569-0666-45F8-A4D5-84346ED8DACA}.Debug|x86.ActiveCfg = Debug|Any CPU
		{DCFDE569-0666-45F8-A4D5-84346ED8DACA}.Debug|x86.Build.0 = Debug|Any CPU
		{DCFDE569-0666-45F8-A4D5-84346ED8DACA}.Release|Any CPU.ActiveCfg = Release|Any CPU
		{DCFDE569-0666-45F8-A4D5-84346ED8DACA}.Release|Any CPU.Build.0 = Release|Any CPU
		{DCFDE569-0666-45F8-A4D5-84346ED8DACA}.Release|x86.ActiveCfg = Release|Any CPU
		{DCFDE569-0666-45F8-A4D5-84346ED8DACA}.Release|x86.Build.0 = Release|Any CPU
		{F96D2184-C03F-49C8-AA90-0AB2FC6FDB3E}.Debug|Any CPU.ActiveCfg = Debug|Any CPU
		{F96D2184-C03F-49C8-AA90-0AB2FC6FDB3E}.Debug|Any CPU.Build.0 = Debug|Any CPU
		{F96D2184-C03F-49C8-AA90-0AB2FC6FDB3E}.Debug|x86.ActiveCfg = Debug|Any CPU
		{F96D2184-C03F-49C8-AA90-0AB2FC6FDB3E}.Debug|x86.Build.0 = Debug|Any CPU
		{F96D2184-C03F-49C8-AA90-0AB2FC6FDB3E}.Release|Any CPU.ActiveCfg = Release|Any CPU
		{F96D2184-C03F-49C8-AA90-0AB2FC6FDB3E}.Release|Any CPU.Build.0 = Release|Any CPU
		{F96D2184-C03F-49C8-AA90-0AB2FC6FDB3E}.Release|x86.ActiveCfg = Release|Any CPU
		{F96D2184-C03F-49C8-AA90-0AB2FC6FDB3E}.Release|x86.Build.0 = Release|Any CPU
		{47F5D654-4175-47D6-9508-852BB9AE9FAE}.Debug|Any CPU.ActiveCfg = Debug|Any CPU
		{47F5D654-4175-47D6-9508-852BB9AE9FAE}.Debug|Any CPU.Build.0 = Debug|Any CPU
		{47F5D654-4175-47D6-9508-852BB9AE9FAE}.Debug|x86.ActiveCfg = Debug|Any CPU
		{47F5D654-4175-47D6-9508-852BB9AE9FAE}.Debug|x86.Build.0 = Debug|Any CPU
		{47F5D654-4175-47D6-9508-852BB9AE9FAE}.Release|Any CPU.ActiveCfg = Release|Any CPU
		{47F5D654-4175-47D6-9508-852BB9AE9FAE}.Release|Any CPU.Build.0 = Release|Any CPU
		{47F5D654-4175-47D6-9508-852BB9AE9FAE}.Release|x86.ActiveCfg = Release|Any CPU
		{47F5D654-4175-47D6-9508-852BB9AE9FAE}.Release|x86.Build.0 = Release|Any CPU
		{FBA2C328-0B89-47A9-9B21-70113A5945A2}.Debug|Any CPU.ActiveCfg = Debug|Any CPU
		{FBA2C328-0B89-47A9-9B21-70113A5945A2}.Debug|Any CPU.Build.0 = Debug|Any CPU
		{FBA2C328-0B89-47A9-9B21-70113A5945A2}.Debug|x86.ActiveCfg = Debug|Any CPU
		{FBA2C328-0B89-47A9-9B21-70113A5945A2}.Debug|x86.Build.0 = Debug|Any CPU
		{FBA2C328-0B89-47A9-9B21-70113A5945A2}.Release|Any CPU.ActiveCfg = Release|Any CPU
		{FBA2C328-0B89-47A9-9B21-70113A5945A2}.Release|Any CPU.Build.0 = Release|Any CPU
		{FBA2C328-0B89-47A9-9B21-70113A5945A2}.Release|x86.ActiveCfg = Release|Any CPU
		{FBA2C328-0B89-47A9-9B21-70113A5945A2}.Release|x86.Build.0 = Release|Any CPU
		{54C4CC5B-33B1-426F-920D-6D6866DB60F7}.Debug|Any CPU.ActiveCfg = Debug|Any CPU
		{54C4CC5B-33B1-426F-920D-6D6866DB60F7}.Debug|Any CPU.Build.0 = Debug|Any CPU
		{54C4CC5B-33B1-426F-920D-6D6866DB60F7}.Debug|x86.ActiveCfg = Debug|Any CPU
		{54C4CC5B-33B1-426F-920D-6D6866DB60F7}.Debug|x86.Build.0 = Debug|Any CPU
		{54C4CC5B-33B1-426F-920D-6D6866DB60F7}.Release|Any CPU.ActiveCfg = Release|Any CPU
		{54C4CC5B-33B1-426F-920D-6D6866DB60F7}.Release|Any CPU.Build.0 = Release|Any CPU
		{54C4CC5B-33B1-426F-920D-6D6866DB60F7}.Release|x86.ActiveCfg = Release|Any CPU
		{54C4CC5B-33B1-426F-920D-6D6866DB60F7}.Release|x86.Build.0 = Release|Any CPU
		{7844039D-7CDE-4FD2-B782-2ED9AD3333B0}.Debug|Any CPU.ActiveCfg = Debug|Any CPU
		{7844039D-7CDE-4FD2-B782-2ED9AD3333B0}.Debug|Any CPU.Build.0 = Debug|Any CPU
		{7844039D-7CDE-4FD2-B782-2ED9AD3333B0}.Debug|x86.ActiveCfg = Debug|Any CPU
		{7844039D-7CDE-4FD2-B782-2ED9AD3333B0}.Debug|x86.Build.0 = Debug|Any CPU
		{7844039D-7CDE-4FD2-B782-2ED9AD3333B0}.Release|Any CPU.ActiveCfg = Release|Any CPU
		{7844039D-7CDE-4FD2-B782-2ED9AD3333B0}.Release|Any CPU.Build.0 = Release|Any CPU
		{7844039D-7CDE-4FD2-B782-2ED9AD3333B0}.Release|x86.ActiveCfg = Release|Any CPU
		{7844039D-7CDE-4FD2-B782-2ED9AD3333B0}.Release|x86.Build.0 = Release|Any CPU
		{44C4A296-C840-4D6E-ADBC-422AF065386B}.Debug|Any CPU.ActiveCfg = Debug|Any CPU
		{44C4A296-C840-4D6E-ADBC-422AF065386B}.Debug|Any CPU.Build.0 = Debug|Any CPU
		{44C4A296-C840-4D6E-ADBC-422AF065386B}.Debug|x86.ActiveCfg = Debug|Any CPU
		{44C4A296-C840-4D6E-ADBC-422AF065386B}.Debug|x86.Build.0 = Debug|Any CPU
		{44C4A296-C840-4D6E-ADBC-422AF065386B}.Release|Any CPU.ActiveCfg = Release|Any CPU
		{44C4A296-C840-4D6E-ADBC-422AF065386B}.Release|Any CPU.Build.0 = Release|Any CPU
		{44C4A296-C840-4D6E-ADBC-422AF065386B}.Release|x86.ActiveCfg = Release|Any CPU
		{44C4A296-C840-4D6E-ADBC-422AF065386B}.Release|x86.Build.0 = Release|Any CPU
		{12FCD4D5-DA93-42A5-9219-B2DA47AEE286}.Debug|Any CPU.ActiveCfg = Debug|Any CPU
		{12FCD4D5-DA93-42A5-9219-B2DA47AEE286}.Debug|Any CPU.Build.0 = Debug|Any CPU
		{12FCD4D5-DA93-42A5-9219-B2DA47AEE286}.Debug|x86.ActiveCfg = Debug|Any CPU
		{12FCD4D5-DA93-42A5-9219-B2DA47AEE286}.Debug|x86.Build.0 = Debug|Any CPU
		{12FCD4D5-DA93-42A5-9219-B2DA47AEE286}.Release|Any CPU.ActiveCfg = Release|Any CPU
		{12FCD4D5-DA93-42A5-9219-B2DA47AEE286}.Release|Any CPU.Build.0 = Release|Any CPU
		{12FCD4D5-DA93-42A5-9219-B2DA47AEE286}.Release|x86.ActiveCfg = Release|Any CPU
		{12FCD4D5-DA93-42A5-9219-B2DA47AEE286}.Release|x86.Build.0 = Release|Any CPU
		{BA55E906-4CE8-419E-BD6C-9273E6A35E93}.Debug|Any CPU.ActiveCfg = Debug|Any CPU
		{BA55E906-4CE8-419E-BD6C-9273E6A35E93}.Debug|Any CPU.Build.0 = Debug|Any CPU
		{BA55E906-4CE8-419E-BD6C-9273E6A35E93}.Debug|x86.ActiveCfg = Debug|Any CPU
		{BA55E906-4CE8-419E-BD6C-9273E6A35E93}.Debug|x86.Build.0 = Debug|Any CPU
		{BA55E906-4CE8-419E-BD6C-9273E6A35E93}.Release|Any CPU.ActiveCfg = Release|Any CPU
		{BA55E906-4CE8-419E-BD6C-9273E6A35E93}.Release|Any CPU.Build.0 = Release|Any CPU
		{BA55E906-4CE8-419E-BD6C-9273E6A35E93}.Release|x86.ActiveCfg = Release|Any CPU
		{BA55E906-4CE8-419E-BD6C-9273E6A35E93}.Release|x86.Build.0 = Release|Any CPU
		{FCFBB98E-F2CE-4D08-98F6-BEEAE5E99EEB}.Debug|Any CPU.ActiveCfg = Debug|Any CPU
		{FCFBB98E-F2CE-4D08-98F6-BEEAE5E99EEB}.Debug|Any CPU.Build.0 = Debug|Any CPU
		{FCFBB98E-F2CE-4D08-98F6-BEEAE5E99EEB}.Debug|x86.ActiveCfg = Debug|Any CPU
		{FCFBB98E-F2CE-4D08-98F6-BEEAE5E99EEB}.Debug|x86.Build.0 = Debug|Any CPU
		{FCFBB98E-F2CE-4D08-98F6-BEEAE5E99EEB}.Release|Any CPU.ActiveCfg = Release|Any CPU
		{FCFBB98E-F2CE-4D08-98F6-BEEAE5E99EEB}.Release|Any CPU.Build.0 = Release|Any CPU
		{FCFBB98E-F2CE-4D08-98F6-BEEAE5E99EEB}.Release|x86.ActiveCfg = Release|Any CPU
		{FCFBB98E-F2CE-4D08-98F6-BEEAE5E99EEB}.Release|x86.Build.0 = Release|Any CPU
		{C8C1DC9D-389A-4FCF-A932-E2E355A0AD04}.Debug|Any CPU.ActiveCfg = Debug|Any CPU
		{C8C1DC9D-389A-4FCF-A932-E2E355A0AD04}.Debug|Any CPU.Build.0 = Debug|Any CPU
		{C8C1DC9D-389A-4FCF-A932-E2E355A0AD04}.Debug|x86.ActiveCfg = Debug|Any CPU
		{C8C1DC9D-389A-4FCF-A932-E2E355A0AD04}.Debug|x86.Build.0 = Debug|Any CPU
		{C8C1DC9D-389A-4FCF-A932-E2E355A0AD04}.Release|Any CPU.ActiveCfg = Release|Any CPU
		{C8C1DC9D-389A-4FCF-A932-E2E355A0AD04}.Release|Any CPU.Build.0 = Release|Any CPU
		{C8C1DC9D-389A-4FCF-A932-E2E355A0AD04}.Release|x86.ActiveCfg = Release|Any CPU
		{C8C1DC9D-389A-4FCF-A932-E2E355A0AD04}.Release|x86.Build.0 = Release|Any CPU
		{4C93F4CB-B65E-42AD-967A-74685C24C20D}.Debug|Any CPU.ActiveCfg = Debug|Any CPU
		{4C93F4CB-B65E-42AD-967A-74685C24C20D}.Debug|Any CPU.Build.0 = Debug|Any CPU
		{4C93F4CB-B65E-42AD-967A-74685C24C20D}.Debug|x86.ActiveCfg = Debug|Any CPU
		{4C93F4CB-B65E-42AD-967A-74685C24C20D}.Debug|x86.Build.0 = Debug|Any CPU
		{4C93F4CB-B65E-42AD-967A-74685C24C20D}.Release|Any CPU.ActiveCfg = Release|Any CPU
		{4C93F4CB-B65E-42AD-967A-74685C24C20D}.Release|Any CPU.Build.0 = Release|Any CPU
		{4C93F4CB-B65E-42AD-967A-74685C24C20D}.Release|x86.ActiveCfg = Release|Any CPU
		{4C93F4CB-B65E-42AD-967A-74685C24C20D}.Release|x86.Build.0 = Release|Any CPU
		{7CA103B3-8E9C-4702-B8DE-748889F3EF7F}.Debug|Any CPU.ActiveCfg = Debug|Any CPU
		{7CA103B3-8E9C-4702-B8DE-748889F3EF7F}.Debug|Any CPU.Build.0 = Debug|Any CPU
		{7CA103B3-8E9C-4702-B8DE-748889F3EF7F}.Debug|x86.ActiveCfg = Debug|Any CPU
		{7CA103B3-8E9C-4702-B8DE-748889F3EF7F}.Debug|x86.Build.0 = Debug|Any CPU
		{7CA103B3-8E9C-4702-B8DE-748889F3EF7F}.Release|Any CPU.ActiveCfg = Release|Any CPU
		{7CA103B3-8E9C-4702-B8DE-748889F3EF7F}.Release|Any CPU.Build.0 = Release|Any CPU
		{7CA103B3-8E9C-4702-B8DE-748889F3EF7F}.Release|x86.ActiveCfg = Release|Any CPU
		{7CA103B3-8E9C-4702-B8DE-748889F3EF7F}.Release|x86.Build.0 = Release|Any CPU
		{8ABFF3FE-1E10-4B05-91D8-33768C5E525B}.Debug|Any CPU.ActiveCfg = Debug|Any CPU
		{8ABFF3FE-1E10-4B05-91D8-33768C5E525B}.Debug|Any CPU.Build.0 = Debug|Any CPU
		{8ABFF3FE-1E10-4B05-91D8-33768C5E525B}.Debug|x86.ActiveCfg = Debug|Any CPU
		{8ABFF3FE-1E10-4B05-91D8-33768C5E525B}.Debug|x86.Build.0 = Debug|Any CPU
		{8ABFF3FE-1E10-4B05-91D8-33768C5E525B}.Release|Any CPU.ActiveCfg = Release|Any CPU
		{8ABFF3FE-1E10-4B05-91D8-33768C5E525B}.Release|Any CPU.Build.0 = Release|Any CPU
		{8ABFF3FE-1E10-4B05-91D8-33768C5E525B}.Release|x86.ActiveCfg = Release|Any CPU
		{8ABFF3FE-1E10-4B05-91D8-33768C5E525B}.Release|x86.Build.0 = Release|Any CPU
		{11EED8F7-6C6B-440B-8C3A-FB818BFA9074}.Debug|Any CPU.ActiveCfg = Debug|Any CPU
		{11EED8F7-6C6B-440B-8C3A-FB818BFA9074}.Debug|Any CPU.Build.0 = Debug|Any CPU
		{11EED8F7-6C6B-440B-8C3A-FB818BFA9074}.Debug|x86.ActiveCfg = Debug|Any CPU
		{11EED8F7-6C6B-440B-8C3A-FB818BFA9074}.Debug|x86.Build.0 = Debug|Any CPU
		{11EED8F7-6C6B-440B-8C3A-FB818BFA9074}.Release|Any CPU.ActiveCfg = Release|Any CPU
		{11EED8F7-6C6B-440B-8C3A-FB818BFA9074}.Release|Any CPU.Build.0 = Release|Any CPU
		{11EED8F7-6C6B-440B-8C3A-FB818BFA9074}.Release|x86.ActiveCfg = Release|Any CPU
		{11EED8F7-6C6B-440B-8C3A-FB818BFA9074}.Release|x86.Build.0 = Release|Any CPU
		{607ED0C9-33F1-4C05-A494-9C869C58EB26}.Debug|Any CPU.ActiveCfg = Debug|Any CPU
		{607ED0C9-33F1-4C05-A494-9C869C58EB26}.Debug|Any CPU.Build.0 = Debug|Any CPU
		{607ED0C9-33F1-4C05-A494-9C869C58EB26}.Debug|x86.ActiveCfg = Debug|Any CPU
		{607ED0C9-33F1-4C05-A494-9C869C58EB26}.Debug|x86.Build.0 = Debug|Any CPU
		{607ED0C9-33F1-4C05-A494-9C869C58EB26}.Release|Any CPU.ActiveCfg = Release|Any CPU
		{607ED0C9-33F1-4C05-A494-9C869C58EB26}.Release|Any CPU.Build.0 = Release|Any CPU
		{607ED0C9-33F1-4C05-A494-9C869C58EB26}.Release|x86.ActiveCfg = Release|Any CPU
		{607ED0C9-33F1-4C05-A494-9C869C58EB26}.Release|x86.Build.0 = Release|Any CPU
		{6072F3DE-1D49-474C-A028-DA77F03AFDD8}.Debug|Any CPU.ActiveCfg = Debug|Any CPU
		{6072F3DE-1D49-474C-A028-DA77F03AFDD8}.Debug|Any CPU.Build.0 = Debug|Any CPU
		{6072F3DE-1D49-474C-A028-DA77F03AFDD8}.Debug|x86.ActiveCfg = Debug|Any CPU
		{6072F3DE-1D49-474C-A028-DA77F03AFDD8}.Debug|x86.Build.0 = Debug|Any CPU
		{6072F3DE-1D49-474C-A028-DA77F03AFDD8}.Release|Any CPU.ActiveCfg = Release|Any CPU
		{6072F3DE-1D49-474C-A028-DA77F03AFDD8}.Release|Any CPU.Build.0 = Release|Any CPU
		{6072F3DE-1D49-474C-A028-DA77F03AFDD8}.Release|x86.ActiveCfg = Release|Any CPU
		{6072F3DE-1D49-474C-A028-DA77F03AFDD8}.Release|x86.Build.0 = Release|Any CPU
		{66863EDF-4051-4B12-804D-652A6A102450}.Debug|Any CPU.ActiveCfg = Debug|Any CPU
		{66863EDF-4051-4B12-804D-652A6A102450}.Debug|Any CPU.Build.0 = Debug|Any CPU
		{66863EDF-4051-4B12-804D-652A6A102450}.Debug|x86.ActiveCfg = Debug|Any CPU
		{66863EDF-4051-4B12-804D-652A6A102450}.Debug|x86.Build.0 = Debug|Any CPU
		{66863EDF-4051-4B12-804D-652A6A102450}.Release|Any CPU.ActiveCfg = Release|Any CPU
		{66863EDF-4051-4B12-804D-652A6A102450}.Release|Any CPU.Build.0 = Release|Any CPU
		{66863EDF-4051-4B12-804D-652A6A102450}.Release|x86.ActiveCfg = Release|Any CPU
		{66863EDF-4051-4B12-804D-652A6A102450}.Release|x86.Build.0 = Release|Any CPU
		{0352527A-13AA-489F-A56B-1197156182AC}.Debug|Any CPU.ActiveCfg = Debug|Any CPU
		{0352527A-13AA-489F-A56B-1197156182AC}.Debug|Any CPU.Build.0 = Debug|Any CPU
		{0352527A-13AA-489F-A56B-1197156182AC}.Debug|x86.ActiveCfg = Debug|Any CPU
		{0352527A-13AA-489F-A56B-1197156182AC}.Debug|x86.Build.0 = Debug|Any CPU
		{0352527A-13AA-489F-A56B-1197156182AC}.Release|Any CPU.ActiveCfg = Release|Any CPU
		{0352527A-13AA-489F-A56B-1197156182AC}.Release|Any CPU.Build.0 = Release|Any CPU
		{0352527A-13AA-489F-A56B-1197156182AC}.Release|x86.ActiveCfg = Release|Any CPU
		{0352527A-13AA-489F-A56B-1197156182AC}.Release|x86.Build.0 = Release|Any CPU
	EndGlobalSection
	GlobalSection(SolutionProperties) = preSolution
		HideSolutionNode = FALSE
	EndGlobalSection
	GlobalSection(NestedProjects) = preSolution
		{EAB5FEEC-9DF7-48C7-9F0D-6C920E716F88} = {7D0FA414-B3D2-4264-A91F-EAA551CA5A5D}
		{E0FCAB9C-4D6A-4F00-974A-E87209D2D682} = {7DC60D00-FA4B-4C26-B32F-25D27611923A}
		{B5190C56-9655-4984-8866-7259FD051766} = {510CDA2A-99A0-4003-9F18-D255DAC52333}
		{1126CA30-A652-4B5A-B162-42B9212B929D} = {B5974E23-6F5A-4D50-AE40-B5A8F74F950C}
		{18A03F70-C988-4C26-92AA-A4CD1F9101C8} = {7D0FA414-B3D2-4264-A91F-EAA551CA5A5D}
		{DC91C609-C71E-4D2C-A0DF-C5452BBBA0C0} = {9729D024-D566-421A-B432-4465C30B0692}
		{2F1E85AE-67C5-410A-8569-D9D00E403DDA} = {DC91C609-C71E-4D2C-A0DF-C5452BBBA0C0}
		{49D188E4-DA77-408D-A618-B4467CD3C4BD} = {DC91C609-C71E-4D2C-A0DF-C5452BBBA0C0}
		{EC71A733-6915-4173-B593-425C541EFF6B} = {B5974E23-6F5A-4D50-AE40-B5A8F74F950C}
		{4BF65262-85DA-478A-90B2-A45CD801EF83} = {B5974E23-6F5A-4D50-AE40-B5A8F74F950C}
		{8695D734-D3F3-44EE-A061-9B4704FE3724} = {B5974E23-6F5A-4D50-AE40-B5A8F74F950C}
		{77EFC2A2-5CEC-4286-ABB4-A9488FC3A7CE} = {B5974E23-6F5A-4D50-AE40-B5A8F74F950C}
		{95D8FEB4-5455-4104-B2A8-0B9487A489CD} = {7DC60D00-FA4B-4C26-B32F-25D27611923A}
		{6E28A28C-D8D3-4870-98CF-4A3A03F6973C} = {7DC60D00-FA4B-4C26-B32F-25D27611923A}
		{FE5D8DBF-67B0-40FE-B9CD-6E073E56D44D} = {18A03F70-C988-4C26-92AA-A4CD1F9101C8}
		{0FB7ED59-7102-4716-BFD1-4B28E9E88A60} = {510CDA2A-99A0-4003-9F18-D255DAC52333}
		{44BA1179-6575-4AA5-9CEB-DB54AF718CA5} = {7DC60D00-FA4B-4C26-B32F-25D27611923A}
		{C918091E-16B0-4C93-B6FF-5BC7EE79A899} = {7DC60D00-FA4B-4C26-B32F-25D27611923A}
		{73D5D8D9-3FCC-462A-982F-BE44F5499044} = {7DC60D00-FA4B-4C26-B32F-25D27611923A}
		{AE357B43-07C9-47EC-9BF5-DF0281A14D00} = {7DC60D00-FA4B-4C26-B32F-25D27611923A}
		{7D05D418-DC7E-4625-AF6D-D9A81C02657D} = {6625B47F-2449-4B53-9F55-D45C813DF411}
		{9F65EDFE-840A-4FB1-BAED-1205CD6BC4BB} = {6625B47F-2449-4B53-9F55-D45C813DF411}
		{B735769E-0E8D-4403-8AAC-C2C17330AC2B} = {A925129B-2A55-4DBA-8B2A-44BEB40F89EF}
		{2CC3FA8A-174E-4041-9B0B-35F92BA4E05C} = {7DC60D00-FA4B-4C26-B32F-25D27611923A}
		{DCFDE569-0666-45F8-A4D5-84346ED8DACA} = {7DC60D00-FA4B-4C26-B32F-25D27611923A}
		{F96D2184-C03F-49C8-AA90-0AB2FC6FDB3E} = {7DC60D00-FA4B-4C26-B32F-25D27611923A}
		{47F5D654-4175-47D6-9508-852BB9AE9FAE} = {510CDA2A-99A0-4003-9F18-D255DAC52333}
		{FBA2C328-0B89-47A9-9B21-70113A5945A2} = {6625B47F-2449-4B53-9F55-D45C813DF411}
		{54C4CC5B-33B1-426F-920D-6D6866DB60F7} = {958B5E9B-FC18-49A1-B52A-0C582AACD86F}
		{7844039D-7CDE-4FD2-B782-2ED9AD3333B0} = {958B5E9B-FC18-49A1-B52A-0C582AACD86F}
		{44C4A296-C840-4D6E-ADBC-422AF065386B} = {7D0FA414-B3D2-4264-A91F-EAA551CA5A5D}
		{12FCD4D5-DA93-42A5-9219-B2DA47AEE286} = {09BFA16E-6238-44C4-88D6-E0C2F182AF4F}
		{BA55E906-4CE8-419E-BD6C-9273E6A35E93} = {09BFA16E-6238-44C4-88D6-E0C2F182AF4F}
		{FCFBB98E-F2CE-4D08-98F6-BEEAE5E99EEB} = {1126CA30-A652-4B5A-B162-42B9212B929D}
		{C8C1DC9D-389A-4FCF-A932-E2E355A0AD04} = {09BFA16E-6238-44C4-88D6-E0C2F182AF4F}
		{4C93F4CB-B65E-42AD-967A-74685C24C20D} = {EAB5FEEC-9DF7-48C7-9F0D-6C920E716F88}
		{7CA103B3-8E9C-4702-B8DE-748889F3EF7F} = {A925129B-2A55-4DBA-8B2A-44BEB40F89EF}
		{8ABFF3FE-1E10-4B05-91D8-33768C5E525B} = {510CDA2A-99A0-4003-9F18-D255DAC52333}
		{11EED8F7-6C6B-440B-8C3A-FB818BFA9074} = {E0FCAB9C-4D6A-4F00-974A-E87209D2D682}
		{607ED0C9-33F1-4C05-A494-9C869C58EB26} = {510CDA2A-99A0-4003-9F18-D255DAC52333}
		{6072F3DE-1D49-474C-A028-DA77F03AFDD8} = {B5974E23-6F5A-4D50-AE40-B5A8F74F950C}
		{66863EDF-4051-4B12-804D-652A6A102450} = {B5974E23-6F5A-4D50-AE40-B5A8F74F950C}
		{0352527A-13AA-489F-A56B-1197156182AC} = {7D0FA414-B3D2-4264-A91F-EAA551CA5A5D}
	EndGlobalSection
	GlobalSection(ExtensibilityGlobals) = postSolution
		SolutionGuid = {C8F9327E-C222-4E00-A62F-20527B230190}
	EndGlobalSection
EndGlobal
