
Microsoft Visual Studio Solution File, Format Version 12.00
# Visual Studio 15
VisualStudioVersion = 15.0.28307.271
MinimumVisualStudioVersion = 10.0.40219.1
Project("{2150E333-8FDC-42A3-9474-1A3956D46DE8}") = "2_Converters", "2_Converters", "{7D0FA414-B3D2-4264-A91F-EAA551CA5A5D}"
EndProject
Project("{2150E333-8FDC-42A3-9474-1A3956D46DE8}") = "3_DataProviders", "3_DataProviders", "{7DC60D00-FA4B-4C26-B32F-25D27611923A}"
EndProject
Project("{2150E333-8FDC-42A3-9474-1A3956D46DE8}") = "4_DataAccess", "4_DataAccess", "{510CDA2A-99A0-4003-9F18-D255DAC52333}"
EndProject
Project("{2150E333-8FDC-42A3-9474-1A3956D46DE8}") = "5_DataModels", "5_DataModels", "{B5974E23-6F5A-4D50-AE40-B5A8F74F950C}"
EndProject
Project("{2150E333-8FDC-42A3-9474-1A3956D46DE8}") = "Tests", "Tests", "{EAB5FEEC-9DF7-48C7-9F0D-6C920E716F88}"
EndProject
Project("{2150E333-8FDC-42A3-9474-1A3956D46DE8}") = "Tests", "Tests", "{E0FCAB9C-4D6A-4F00-974A-E87209D2D682}"
EndProject
Project("{2150E333-8FDC-42A3-9474-1A3956D46DE8}") = "Tests", "Tests", "{B5190C56-9655-4984-8866-7259FD051766}"
EndProject
Project("{2150E333-8FDC-42A3-9474-1A3956D46DE8}") = "Tests", "Tests", "{1126CA30-A652-4B5A-B162-42B9212B929D}"
EndProject
Project("{9A19103F-16F7-4668-BE54-9A1E7A4F7556}") = "MDD4All.SpecIF.DataModels", "MDD4All.SpecIF.DataModels\MDD4All.SpecIF.DataModels.csproj", "{C85C9648-0C50-4FFC-9EB1-584AD2EDA85F}"
EndProject
Project("{9A19103F-16F7-4668-BE54-9A1E7A4F7556}") = "MDD4All.SpecIF.DataModels.Manipulation", "MDD4All.SpecIF.DataModels.Manipulation\MDD4All.SpecIF.DataModels.Manipulation.csproj", "{061251C4-ED5C-4815-8963-0B6C7FEDC77C}"
EndProject
Project("{9A19103F-16F7-4668-BE54-9A1E7A4F7556}") = "MDD4All.MongoDB.DataAccess.Generic", "MDD4All.MongoDB.DataAccess.Generic\MDD4All.MongoDB.DataAccess.Generic.csproj", "{1B932CBC-5528-4398-B3BE-0911E930C5A2}"
EndProject
Project("{9A19103F-16F7-4668-BE54-9A1E7A4F7556}") = "MDD4All.SpecIF.DataProvider.Contracts", "MDD4All.SpecIF.DataProvider.Contracts\MDD4All.SpecIF.DataProvider.Contracts.csproj", "{4174D427-C31A-44C0-A4BA-9873FB40A1EC}"
EndProject
Project("{9A19103F-16F7-4668-BE54-9A1E7A4F7556}") = "MDD4All.SpecIF.DataProvider.File", "MDD4All.SpecIF.DataProvider.File\MDD4All.SpecIF.DataProvider.File.csproj", "{E7729686-625A-4802-84B7-DE8964DF0A3E}"
EndProject
Project("{9A19103F-16F7-4668-BE54-9A1E7A4F7556}") = "MDD4All.SpecIF.DataProvider.MongoDB", "MDD4All.SpecIF.DataProvider.MongoDB\MDD4All.SpecIF.DataProvider.MongoDB.csproj", "{50A9FAC7-3478-4B55-B5F8-777F95FD4D46}"
EndProject
Project("{9A19103F-16F7-4668-BE54-9A1E7A4F7556}") = "MDD4All.SpecIF.DataProvider.Integration", "MDD4All.SpecIF.DataProvider.Integration\MDD4All.SpecIF.DataProvider.Integration.csproj", "{FDFAEC20-5150-458A-98A1-29C34FBCD7FC}"
EndProject
Project("{9A19103F-16F7-4668-BE54-9A1E7A4F7556}") = "MDD4All.SpecIF.DataProvider.WebAPI", "MDD4All.SpecIF.DataProvider.WebAPI\MDD4All.SpecIF.DataProvider.WebAPI.csproj", "{BAA6490D-0CDA-4BD1-B9BE-51EE1A4B0B49}"
EndProject
Project("{9A19103F-16F7-4668-BE54-9A1E7A4F7556}") = "MDD4All.SpecIF.Converters", "MDD4All.SpecIF.Converters\MDD4All.SpecIF.Converters.csproj", "{A36200BB-8D73-4557-B22C-49E2AC480E75}"
EndProject
Project("{9A19103F-16F7-4668-BE54-9A1E7A4F7556}") = "MDD4All.SpecIF.ServiceDataProvider", "MDD4All.SpecIF.ServiceDataProvider\MDD4All.SpecIF.ServiceDataProvider.csproj", "{8D4A3336-9F5E-4516-B5A8-EA799B3F7183}"
EndProject
Project("{2150E333-8FDC-42A3-9474-1A3956D46DE8}") = "Solution Items", "Solution Items", "{96D36F63-7E94-4A54-83C3-1A3C5BB63D7E}"
	ProjectSection(SolutionItems) = preProject
		..\azure-pipelines.yml = ..\azure-pipelines.yml
		version.txt = version.txt
	EndProjectSection
EndProject
Project("{9A19103F-16F7-4668-BE54-9A1E7A4F7556}") = "MDD4All.SpecIF.Converters.Test", "MDD4All.SpecIF.Converters.Test\MDD4All.SpecIF.Converters.Test.csproj", "{B30339F5-F959-449A-9636-44219FE6033E}"
EndProject
Project("{9A19103F-16F7-4668-BE54-9A1E7A4F7556}") = "MDD4All.SpecIF.DataModels.Test", "MDD4All.SpecIF.DataModels.Test\MDD4All.SpecIF.DataModels.Test.csproj", "{3EA9BF0E-24CF-4CDE-82BA-860465DF65E8}"
EndProject
Project("{9A19103F-16F7-4668-BE54-9A1E7A4F7556}") = "MDD4All.SpecIF.DataProvider.EA", "MDD4All.SpecIF.DataProvider.EA\MDD4All.SpecIF.DataProvider.EA.csproj", "{B2723CF2-CFC2-494F-B221-B1AF42575342}"
EndProject
Project("{2150E333-8FDC-42A3-9474-1A3956D46DE8}") = "1_Microservices", "1_Microservices", "{A925129B-2A55-4DBA-8B2A-44BEB40F89EF}"
EndProject
Project("{9A19103F-16F7-4668-BE54-9A1E7A4F7556}") = "MDD4All.SpecIf.Microservice", "MDD4All.SpecIf.Microservice\MDD4All.SpecIf.Microservice.csproj", "{11635C10-13E7-4DF4-84D0-6ACAE799D8C5}"
EndProject
Project("{FAE04EC0-301F-11D3-BF4B-00C04F79EFBC}") = "MDD4All.SoecIF.DataProvider.EA.Test", "MDD4All.SoecIF.DataProvider.EA.Test\MDD4All.SoecIF.DataProvider.EA.Test.csproj", "{0713C8D3-670F-46A7-9226-A152D5202B09}"
EndProject
Project("{2150E333-8FDC-42A3-9474-1A3956D46DE8}") = "0_Apps", "0_Apps", "{09BFA16E-6238-44C4-88D6-E0C2F182AF4F}"
EndProject
Project("{FAE04EC0-301F-11D3-BF4B-00C04F79EFBC}") = "MDD4All.SpecIF.Apps.EaPlugin", "MDD4All.SpecIF.Apps.EaPlugin\MDD4All.SpecIF.Apps.EaPlugin.csproj", "{C8C1DC9D-389A-4FCF-A932-E2E355A0AD04}"
EndProject
Project("{2150E333-8FDC-42A3-9474-1A3956D46DE8}") = "2.1_Generators", "2.1_Generators", "{18A03F70-C988-4C26-92AA-A4CD1F9101C8}"
EndProject
Project("{9A19103F-16F7-4668-BE54-9A1E7A4F7556}") = "MDD4All.SpecIF.Generators.Vocabulary", "MDD4All.SpecIF.Generators.Vocabulary\MDD4All.SpecIF.Generators.Vocabulary.csproj", "{D6EEE6D7-8EE7-41BA-AC77-CFC78016BD75}"
EndProject
Project("{9A19103F-16F7-4668-BE54-9A1E7A4F7556}") = "MDD4All.Kafka.DataAccess", "MDD4All.Kafka.DataAccess\MDD4All.Kafka.DataAccess.csproj", "{72665FFB-8DFF-4454-B060-E9068C63454F}"
EndProject
Project("{9A19103F-16F7-4668-BE54-9A1E7A4F7556}") = "MDD4All.Jira.DataModels", "MDD4All.Jira.DataModels\MDD4All.Jira.DataModels.csproj", "{D86B68C6-D346-44DE-9DAA-BAC411AA1F23}"
EndProject
Project("{2150E333-8FDC-42A3-9474-1A3956D46DE8}") = "Tests", "Tests", "{56C1806E-9DCB-467D-81E0-04FA2C33904D}"
EndProject
Project("{9A19103F-16F7-4668-BE54-9A1E7A4F7556}") = "JiraRestClientTest", "JiraRestClientTest\JiraRestClientTest.csproj", "{4161950A-739F-4F55-8785-69FDC16C1D0D}"
EndProject
Project("{9A19103F-16F7-4668-BE54-9A1E7A4F7556}") = "MDD4All.SpecIF.DataProvider.Jira", "MDD4All.SpecIF.DataProvider.Jira\MDD4All.SpecIF.DataProvider.Jira.csproj", "{7475D15F-467A-4818-8B9B-A339E235C4DE}"
EndProject
Project("{9A19103F-16F7-4668-BE54-9A1E7A4F7556}") = "MDD4All.SpecIF.DataAccess.Jira", "MDD4All.SpecIF.DataAccess.Jira\MDD4All.SpecIF.DataAccess.Jira.csproj", "{EBE5991F-1534-45BA-86CD-36F8B33CF8CB}"
EndProject
Project("{FAE04EC0-301F-11D3-BF4B-00C04F79EFBC}") = "MDD4All.SpecIF.Apps.EaIntegration", "MDD4All.SpecIF.Apps.EaIntegration\MDD4All.SpecIF.Apps.EaIntegration.csproj", "{76379059-4E1B-430D-B953-38A6AA050C8A}"
EndProject
Project("{9A19103F-16F7-4668-BE54-9A1E7A4F7556}") = "MDD4All.SpecIF.Microservice.JiraWebhook", "MDD4All.SpecIF.Microservice.JiraWebhook\MDD4All.SpecIF.Microservice.JiraWebhook.csproj", "{BC75CE9E-F322-4B53-9929-3BE9C4B0B891}"
EndProject
Project("{9A19103F-16F7-4668-BE54-9A1E7A4F7556}") = "MDD4All.SpecIF.ViewModels.IntegrationService", "MDD4All.SpecIF.ViewModels.IntegrationService\MDD4All.SpecIF.ViewModels.IntegrationService.csproj", "{F7D3A04D-AEFD-4232-8A36-E4EF742C618E}"
EndProject
Project("{2150E333-8FDC-42A3-9474-1A3956D46DE8}") = "1_ViewModels", "1_ViewModels", "{958B5E9B-FC18-49A1-B52A-0C582AACD86F}"
EndProject
Global
	GlobalSection(SolutionConfigurationPlatforms) = preSolution
		Debug|Any CPU = Debug|Any CPU
		Release|Any CPU = Release|Any CPU
	EndGlobalSection
	GlobalSection(ProjectConfigurationPlatforms) = postSolution
		{C85C9648-0C50-4FFC-9EB1-584AD2EDA85F}.Debug|Any CPU.ActiveCfg = Debug|Any CPU
		{C85C9648-0C50-4FFC-9EB1-584AD2EDA85F}.Debug|Any CPU.Build.0 = Debug|Any CPU
		{C85C9648-0C50-4FFC-9EB1-584AD2EDA85F}.Release|Any CPU.ActiveCfg = Release|Any CPU
		{C85C9648-0C50-4FFC-9EB1-584AD2EDA85F}.Release|Any CPU.Build.0 = Release|Any CPU
		{061251C4-ED5C-4815-8963-0B6C7FEDC77C}.Debug|Any CPU.ActiveCfg = Debug|Any CPU
		{061251C4-ED5C-4815-8963-0B6C7FEDC77C}.Debug|Any CPU.Build.0 = Debug|Any CPU
		{061251C4-ED5C-4815-8963-0B6C7FEDC77C}.Release|Any CPU.ActiveCfg = Release|Any CPU
		{061251C4-ED5C-4815-8963-0B6C7FEDC77C}.Release|Any CPU.Build.0 = Release|Any CPU
		{1B932CBC-5528-4398-B3BE-0911E930C5A2}.Debug|Any CPU.ActiveCfg = Debug|Any CPU
		{1B932CBC-5528-4398-B3BE-0911E930C5A2}.Debug|Any CPU.Build.0 = Debug|Any CPU
		{1B932CBC-5528-4398-B3BE-0911E930C5A2}.Release|Any CPU.ActiveCfg = Release|Any CPU
		{1B932CBC-5528-4398-B3BE-0911E930C5A2}.Release|Any CPU.Build.0 = Release|Any CPU
		{4174D427-C31A-44C0-A4BA-9873FB40A1EC}.Debug|Any CPU.ActiveCfg = Debug|Any CPU
		{4174D427-C31A-44C0-A4BA-9873FB40A1EC}.Debug|Any CPU.Build.0 = Debug|Any CPU
		{4174D427-C31A-44C0-A4BA-9873FB40A1EC}.Release|Any CPU.ActiveCfg = Release|Any CPU
		{4174D427-C31A-44C0-A4BA-9873FB40A1EC}.Release|Any CPU.Build.0 = Release|Any CPU
		{E7729686-625A-4802-84B7-DE8964DF0A3E}.Debug|Any CPU.ActiveCfg = Debug|Any CPU
		{E7729686-625A-4802-84B7-DE8964DF0A3E}.Debug|Any CPU.Build.0 = Debug|Any CPU
		{E7729686-625A-4802-84B7-DE8964DF0A3E}.Release|Any CPU.ActiveCfg = Release|Any CPU
		{E7729686-625A-4802-84B7-DE8964DF0A3E}.Release|Any CPU.Build.0 = Release|Any CPU
		{50A9FAC7-3478-4B55-B5F8-777F95FD4D46}.Debug|Any CPU.ActiveCfg = Debug|Any CPU
		{50A9FAC7-3478-4B55-B5F8-777F95FD4D46}.Debug|Any CPU.Build.0 = Debug|Any CPU
		{50A9FAC7-3478-4B55-B5F8-777F95FD4D46}.Release|Any CPU.ActiveCfg = Release|Any CPU
		{50A9FAC7-3478-4B55-B5F8-777F95FD4D46}.Release|Any CPU.Build.0 = Release|Any CPU
		{FDFAEC20-5150-458A-98A1-29C34FBCD7FC}.Debug|Any CPU.ActiveCfg = Debug|Any CPU
		{FDFAEC20-5150-458A-98A1-29C34FBCD7FC}.Debug|Any CPU.Build.0 = Debug|Any CPU
		{FDFAEC20-5150-458A-98A1-29C34FBCD7FC}.Release|Any CPU.ActiveCfg = Release|Any CPU
		{FDFAEC20-5150-458A-98A1-29C34FBCD7FC}.Release|Any CPU.Build.0 = Release|Any CPU
		{BAA6490D-0CDA-4BD1-B9BE-51EE1A4B0B49}.Debug|Any CPU.ActiveCfg = Debug|Any CPU
		{BAA6490D-0CDA-4BD1-B9BE-51EE1A4B0B49}.Debug|Any CPU.Build.0 = Debug|Any CPU
		{BAA6490D-0CDA-4BD1-B9BE-51EE1A4B0B49}.Release|Any CPU.ActiveCfg = Release|Any CPU
		{BAA6490D-0CDA-4BD1-B9BE-51EE1A4B0B49}.Release|Any CPU.Build.0 = Release|Any CPU
		{A36200BB-8D73-4557-B22C-49E2AC480E75}.Debug|Any CPU.ActiveCfg = Debug|Any CPU
		{A36200BB-8D73-4557-B22C-49E2AC480E75}.Debug|Any CPU.Build.0 = Debug|Any CPU
		{A36200BB-8D73-4557-B22C-49E2AC480E75}.Release|Any CPU.ActiveCfg = Release|Any CPU
		{A36200BB-8D73-4557-B22C-49E2AC480E75}.Release|Any CPU.Build.0 = Release|Any CPU
		{8D4A3336-9F5E-4516-B5A8-EA799B3F7183}.Debug|Any CPU.ActiveCfg = Debug|Any CPU
		{8D4A3336-9F5E-4516-B5A8-EA799B3F7183}.Debug|Any CPU.Build.0 = Debug|Any CPU
		{8D4A3336-9F5E-4516-B5A8-EA799B3F7183}.Release|Any CPU.ActiveCfg = Release|Any CPU
		{8D4A3336-9F5E-4516-B5A8-EA799B3F7183}.Release|Any CPU.Build.0 = Release|Any CPU
		{B30339F5-F959-449A-9636-44219FE6033E}.Debug|Any CPU.ActiveCfg = Debug|Any CPU
		{B30339F5-F959-449A-9636-44219FE6033E}.Debug|Any CPU.Build.0 = Debug|Any CPU
		{B30339F5-F959-449A-9636-44219FE6033E}.Release|Any CPU.ActiveCfg = Release|Any CPU
		{B30339F5-F959-449A-9636-44219FE6033E}.Release|Any CPU.Build.0 = Release|Any CPU
		{3EA9BF0E-24CF-4CDE-82BA-860465DF65E8}.Debug|Any CPU.ActiveCfg = Debug|Any CPU
		{3EA9BF0E-24CF-4CDE-82BA-860465DF65E8}.Debug|Any CPU.Build.0 = Debug|Any CPU
		{3EA9BF0E-24CF-4CDE-82BA-860465DF65E8}.Release|Any CPU.ActiveCfg = Release|Any CPU
		{3EA9BF0E-24CF-4CDE-82BA-860465DF65E8}.Release|Any CPU.Build.0 = Release|Any CPU
		{B2723CF2-CFC2-494F-B221-B1AF42575342}.Debug|Any CPU.ActiveCfg = Debug|Any CPU
		{B2723CF2-CFC2-494F-B221-B1AF42575342}.Debug|Any CPU.Build.0 = Debug|Any CPU
		{B2723CF2-CFC2-494F-B221-B1AF42575342}.Release|Any CPU.ActiveCfg = Release|Any CPU
		{B2723CF2-CFC2-494F-B221-B1AF42575342}.Release|Any CPU.Build.0 = Release|Any CPU
		{11635C10-13E7-4DF4-84D0-6ACAE799D8C5}.Debug|Any CPU.ActiveCfg = Debug|Any CPU
		{11635C10-13E7-4DF4-84D0-6ACAE799D8C5}.Debug|Any CPU.Build.0 = Debug|Any CPU
		{11635C10-13E7-4DF4-84D0-6ACAE799D8C5}.Release|Any CPU.ActiveCfg = Release|Any CPU
		{11635C10-13E7-4DF4-84D0-6ACAE799D8C5}.Release|Any CPU.Build.0 = Release|Any CPU
		{0713C8D3-670F-46A7-9226-A152D5202B09}.Debug|Any CPU.ActiveCfg = Debug|Any CPU
		{0713C8D3-670F-46A7-9226-A152D5202B09}.Debug|Any CPU.Build.0 = Debug|Any CPU
		{0713C8D3-670F-46A7-9226-A152D5202B09}.Release|Any CPU.ActiveCfg = Release|Any CPU
		{0713C8D3-670F-46A7-9226-A152D5202B09}.Release|Any CPU.Build.0 = Release|Any CPU
		{C8C1DC9D-389A-4FCF-A932-E2E355A0AD04}.Debug|Any CPU.ActiveCfg = Debug|Any CPU
		{C8C1DC9D-389A-4FCF-A932-E2E355A0AD04}.Debug|Any CPU.Build.0 = Debug|Any CPU
		{C8C1DC9D-389A-4FCF-A932-E2E355A0AD04}.Release|Any CPU.ActiveCfg = Release|Any CPU
		{C8C1DC9D-389A-4FCF-A932-E2E355A0AD04}.Release|Any CPU.Build.0 = Release|Any CPU
		{D6EEE6D7-8EE7-41BA-AC77-CFC78016BD75}.Debug|Any CPU.ActiveCfg = Debug|Any CPU
		{D6EEE6D7-8EE7-41BA-AC77-CFC78016BD75}.Debug|Any CPU.Build.0 = Debug|Any CPU
		{D6EEE6D7-8EE7-41BA-AC77-CFC78016BD75}.Release|Any CPU.ActiveCfg = Release|Any CPU
		{D6EEE6D7-8EE7-41BA-AC77-CFC78016BD75}.Release|Any CPU.Build.0 = Release|Any CPU
		{72665FFB-8DFF-4454-B060-E9068C63454F}.Debug|Any CPU.ActiveCfg = Debug|Any CPU
		{72665FFB-8DFF-4454-B060-E9068C63454F}.Debug|Any CPU.Build.0 = Debug|Any CPU
		{72665FFB-8DFF-4454-B060-E9068C63454F}.Release|Any CPU.ActiveCfg = Release|Any CPU
		{72665FFB-8DFF-4454-B060-E9068C63454F}.Release|Any CPU.Build.0 = Release|Any CPU
		{D86B68C6-D346-44DE-9DAA-BAC411AA1F23}.Debug|Any CPU.ActiveCfg = Debug|Any CPU
		{D86B68C6-D346-44DE-9DAA-BAC411AA1F23}.Debug|Any CPU.Build.0 = Debug|Any CPU
		{D86B68C6-D346-44DE-9DAA-BAC411AA1F23}.Release|Any CPU.ActiveCfg = Release|Any CPU
		{D86B68C6-D346-44DE-9DAA-BAC411AA1F23}.Release|Any CPU.Build.0 = Release|Any CPU
		{4161950A-739F-4F55-8785-69FDC16C1D0D}.Debug|Any CPU.ActiveCfg = Debug|Any CPU
		{4161950A-739F-4F55-8785-69FDC16C1D0D}.Debug|Any CPU.Build.0 = Debug|Any CPU
		{4161950A-739F-4F55-8785-69FDC16C1D0D}.Release|Any CPU.ActiveCfg = Release|Any CPU
		{4161950A-739F-4F55-8785-69FDC16C1D0D}.Release|Any CPU.Build.0 = Release|Any CPU
		{7475D15F-467A-4818-8B9B-A339E235C4DE}.Debug|Any CPU.ActiveCfg = Debug|Any CPU
		{7475D15F-467A-4818-8B9B-A339E235C4DE}.Debug|Any CPU.Build.0 = Debug|Any CPU
		{7475D15F-467A-4818-8B9B-A339E235C4DE}.Release|Any CPU.ActiveCfg = Release|Any CPU
		{7475D15F-467A-4818-8B9B-A339E235C4DE}.Release|Any CPU.Build.0 = Release|Any CPU
		{EBE5991F-1534-45BA-86CD-36F8B33CF8CB}.Debug|Any CPU.ActiveCfg = Debug|Any CPU
		{EBE5991F-1534-45BA-86CD-36F8B33CF8CB}.Debug|Any CPU.Build.0 = Debug|Any CPU
		{EBE5991F-1534-45BA-86CD-36F8B33CF8CB}.Release|Any CPU.ActiveCfg = Release|Any CPU
		{EBE5991F-1534-45BA-86CD-36F8B33CF8CB}.Release|Any CPU.Build.0 = Release|Any CPU
		{76379059-4E1B-430D-B953-38A6AA050C8A}.Debug|Any CPU.ActiveCfg = Debug|Any CPU
		{76379059-4E1B-430D-B953-38A6AA050C8A}.Debug|Any CPU.Build.0 = Debug|Any CPU
		{76379059-4E1B-430D-B953-38A6AA050C8A}.Release|Any CPU.ActiveCfg = Release|Any CPU
		{76379059-4E1B-430D-B953-38A6AA050C8A}.Release|Any CPU.Build.0 = Release|Any CPU
		{BC75CE9E-F322-4B53-9929-3BE9C4B0B891}.Debug|Any CPU.ActiveCfg = Debug|Any CPU
		{BC75CE9E-F322-4B53-9929-3BE9C4B0B891}.Debug|Any CPU.Build.0 = Debug|Any CPU
		{BC75CE9E-F322-4B53-9929-3BE9C4B0B891}.Release|Any CPU.ActiveCfg = Release|Any CPU
		{BC75CE9E-F322-4B53-9929-3BE9C4B0B891}.Release|Any CPU.Build.0 = Release|Any CPU
		{F7D3A04D-AEFD-4232-8A36-E4EF742C618E}.Debug|Any CPU.ActiveCfg = Debug|Any CPU
		{F7D3A04D-AEFD-4232-8A36-E4EF742C618E}.Debug|Any CPU.Build.0 = Debug|Any CPU
		{F7D3A04D-AEFD-4232-8A36-E4EF742C618E}.Release|Any CPU.ActiveCfg = Release|Any CPU
		{F7D3A04D-AEFD-4232-8A36-E4EF742C618E}.Release|Any CPU.Build.0 = Release|Any CPU
	EndGlobalSection
	GlobalSection(SolutionProperties) = preSolution
		HideSolutionNode = FALSE
	EndGlobalSection
	GlobalSection(NestedProjects) = preSolution
		{EAB5FEEC-9DF7-48C7-9F0D-6C920E716F88} = {7D0FA414-B3D2-4264-A91F-EAA551CA5A5D}
		{E0FCAB9C-4D6A-4F00-974A-E87209D2D682} = {7DC60D00-FA4B-4C26-B32F-25D27611923A}
		{B5190C56-9655-4984-8866-7259FD051766} = {510CDA2A-99A0-4003-9F18-D255DAC52333}
		{1126CA30-A652-4B5A-B162-42B9212B929D} = {B5974E23-6F5A-4D50-AE40-B5A8F74F950C}
		{C85C9648-0C50-4FFC-9EB1-584AD2EDA85F} = {B5974E23-6F5A-4D50-AE40-B5A8F74F950C}
		{061251C4-ED5C-4815-8963-0B6C7FEDC77C} = {B5974E23-6F5A-4D50-AE40-B5A8F74F950C}
		{1B932CBC-5528-4398-B3BE-0911E930C5A2} = {510CDA2A-99A0-4003-9F18-D255DAC52333}
		{4174D427-C31A-44C0-A4BA-9873FB40A1EC} = {7DC60D00-FA4B-4C26-B32F-25D27611923A}
		{E7729686-625A-4802-84B7-DE8964DF0A3E} = {7DC60D00-FA4B-4C26-B32F-25D27611923A}
		{50A9FAC7-3478-4B55-B5F8-777F95FD4D46} = {7DC60D00-FA4B-4C26-B32F-25D27611923A}
		{FDFAEC20-5150-458A-98A1-29C34FBCD7FC} = {7DC60D00-FA4B-4C26-B32F-25D27611923A}
		{BAA6490D-0CDA-4BD1-B9BE-51EE1A4B0B49} = {7DC60D00-FA4B-4C26-B32F-25D27611923A}
		{A36200BB-8D73-4557-B22C-49E2AC480E75} = {7D0FA414-B3D2-4264-A91F-EAA551CA5A5D}
		{8D4A3336-9F5E-4516-B5A8-EA799B3F7183} = {7DC60D00-FA4B-4C26-B32F-25D27611923A}
		{B30339F5-F959-449A-9636-44219FE6033E} = {EAB5FEEC-9DF7-48C7-9F0D-6C920E716F88}
		{3EA9BF0E-24CF-4CDE-82BA-860465DF65E8} = {1126CA30-A652-4B5A-B162-42B9212B929D}
		{B2723CF2-CFC2-494F-B221-B1AF42575342} = {7DC60D00-FA4B-4C26-B32F-25D27611923A}
		{11635C10-13E7-4DF4-84D0-6ACAE799D8C5} = {A925129B-2A55-4DBA-8B2A-44BEB40F89EF}
		{0713C8D3-670F-46A7-9226-A152D5202B09} = {E0FCAB9C-4D6A-4F00-974A-E87209D2D682}
		{C8C1DC9D-389A-4FCF-A932-E2E355A0AD04} = {09BFA16E-6238-44C4-88D6-E0C2F182AF4F}
		{18A03F70-C988-4C26-92AA-A4CD1F9101C8} = {7D0FA414-B3D2-4264-A91F-EAA551CA5A5D}
		{D6EEE6D7-8EE7-41BA-AC77-CFC78016BD75} = {18A03F70-C988-4C26-92AA-A4CD1F9101C8}
		{72665FFB-8DFF-4454-B060-E9068C63454F} = {510CDA2A-99A0-4003-9F18-D255DAC52333}
		{D86B68C6-D346-44DE-9DAA-BAC411AA1F23} = {B5974E23-6F5A-4D50-AE40-B5A8F74F950C}
		{56C1806E-9DCB-467D-81E0-04FA2C33904D} = {09BFA16E-6238-44C4-88D6-E0C2F182AF4F}
		{4161950A-739F-4F55-8785-69FDC16C1D0D} = {B5190C56-9655-4984-8866-7259FD051766}
		{7475D15F-467A-4818-8B9B-A339E235C4DE} = {7DC60D00-FA4B-4C26-B32F-25D27611923A}
		{EBE5991F-1534-45BA-86CD-36F8B33CF8CB} = {510CDA2A-99A0-4003-9F18-D255DAC52333}
		{76379059-4E1B-430D-B953-38A6AA050C8A} = {09BFA16E-6238-44C4-88D6-E0C2F182AF4F}
		{BC75CE9E-F322-4B53-9929-3BE9C4B0B891} = {A925129B-2A55-4DBA-8B2A-44BEB40F89EF}
		{F7D3A04D-AEFD-4232-8A36-E4EF742C618E} = {958B5E9B-FC18-49A1-B52A-0C582AACD86F}
	EndGlobalSection
	GlobalSection(ExtensibilityGlobals) = postSolution
		SolutionGuid = {C8F9327E-C222-4E00-A62F-20527B230190}
	EndGlobalSection
EndGlobal
