
Microsoft Visual Studio Solution File, Format Version 12.00
# Visual Studio Version 16
VisualStudioVersion = 16.0.30503.244
MinimumVisualStudioVersion = 10.0.40219.1
Project("{2150E333-8FDC-42A3-9474-1A3956D46DE8}") = "4_Converters", "4_Converters", "{7D0FA414-B3D2-4264-A91F-EAA551CA5A5D}"
EndProject
Project("{2150E333-8FDC-42A3-9474-1A3956D46DE8}") = "6_DataProviders", "6_DataProviders", "{7DC60D00-FA4B-4C26-B32F-25D27611923A}"
EndProject
Project("{2150E333-8FDC-42A3-9474-1A3956D46DE8}") = "7_DataAccess", "7_DataAccess", "{510CDA2A-99A0-4003-9F18-D255DAC52333}"
EndProject
Project("{2150E333-8FDC-42A3-9474-1A3956D46DE8}") = "8_DataModels", "8_DataModels", "{B5974E23-6F5A-4D50-AE40-B5A8F74F950C}"
EndProject
Project("{2150E333-8FDC-42A3-9474-1A3956D46DE8}") = "Tests", "Tests", "{EAB5FEEC-9DF7-48C7-9F0D-6C920E716F88}"
EndProject
Project("{2150E333-8FDC-42A3-9474-1A3956D46DE8}") = "Tests", "Tests", "{E0FCAB9C-4D6A-4F00-974A-E87209D2D682}"
EndProject
Project("{2150E333-8FDC-42A3-9474-1A3956D46DE8}") = "Tests", "Tests", "{B5190C56-9655-4984-8866-7259FD051766}"
EndProject
Project("{2150E333-8FDC-42A3-9474-1A3956D46DE8}") = "Tests", "Tests", "{1126CA30-A652-4B5A-B162-42B9212B929D}"
EndProject
Project("{9A19103F-16F7-4668-BE54-9A1E7A4F7556}") = "MDD4All.SpecIF.Converters", "MDD4All.SpecIF.Converters\MDD4All.SpecIF.Converters.csproj", "{A36200BB-8D73-4557-B22C-49E2AC480E75}"
EndProject
Project("{2150E333-8FDC-42A3-9474-1A3956D46DE8}") = "Solution Items", "Solution Items", "{96D36F63-7E94-4A54-83C3-1A3C5BB63D7E}"
	ProjectSection(SolutionItems) = preProject
		..\azure-pipelines.yml = ..\azure-pipelines.yml
		..\..\..\..\test\ResourceOutput.cs = ..\..\..\..\test\ResourceOutput.cs
		SpecIF_Backend.sln.licenseheader = SpecIF_Backend.sln.licenseheader
		StartInfrastructure.bat = StartInfrastructure.bat
		version.txt = version.txt
	EndProjectSection
EndProject
Project("{9A19103F-16F7-4668-BE54-9A1E7A4F7556}") = "MDD4All.SpecIF.Converters.Test", "MDD4All.SpecIF.Converters.Test\MDD4All.SpecIF.Converters.Test.csproj", "{B30339F5-F959-449A-9636-44219FE6033E}"
EndProject
Project("{9A19103F-16F7-4668-BE54-9A1E7A4F7556}") = "MDD4All.SpecIF.DataModels.Test", "MDD4All.SpecIF.DataModels.Test\MDD4All.SpecIF.DataModels.Test.csproj", "{3EA9BF0E-24CF-4CDE-82BA-860465DF65E8}"
EndProject
Project("{2150E333-8FDC-42A3-9474-1A3956D46DE8}") = "2_Microservices", "2_Microservices", "{A925129B-2A55-4DBA-8B2A-44BEB40F89EF}"
EndProject
Project("{FAE04EC0-301F-11D3-BF4B-00C04F79EFBC}") = "MDD4All.SoecIF.DataProvider.EA.Test", "MDD4All.SoecIF.DataProvider.EA.Test\MDD4All.SoecIF.DataProvider.EA.Test.csproj", "{0713C8D3-670F-46A7-9226-A152D5202B09}"
EndProject
Project("{2150E333-8FDC-42A3-9474-1A3956D46DE8}") = "1_Apps", "1_Apps", "{09BFA16E-6238-44C4-88D6-E0C2F182AF4F}"
EndProject
Project("{2150E333-8FDC-42A3-9474-1A3956D46DE8}") = "4.1_Generators", "4.1_Generators", "{18A03F70-C988-4C26-92AA-A4CD1F9101C8}"
EndProject
Project("{9A19103F-16F7-4668-BE54-9A1E7A4F7556}") = "MDD4All.SpecIF.Microservice.JiraWebhook", "MDD4All.SpecIF.Microservice.JiraWebhook\MDD4All.SpecIF.Microservice.JiraWebhook.csproj", "{BC75CE9E-F322-4B53-9929-3BE9C4B0B891}"
EndProject
Project("{2150E333-8FDC-42A3-9474-1A3956D46DE8}") = "5_ViewModels", "5_ViewModels", "{958B5E9B-FC18-49A1-B52A-0C582AACD86F}"
EndProject
Project("{2150E333-8FDC-42A3-9474-1A3956D46DE8}") = "3_DataIntegrators", "3_DataIntegrators", "{6625B47F-2449-4B53-9F55-D45C813DF411}"
EndProject
Project("{9A19103F-16F7-4668-BE54-9A1E7A4F7556}") = "MDD4All.SpecIF.Apps.MongoDbInitializer", "MDD4All.SpecIF.Apps.MongoDbInitializer\MDD4All.SpecIF.Apps.MongoDbInitializer.csproj", "{B3BA335B-4356-4FAD-877F-1578A2122AF0}"
EndProject
Project("{9A19103F-16F7-4668-BE54-9A1E7A4F7556}") = "MDD4All.SpecIF.Apps.ServiceStarter", "MDD4All.SpecIF.Apps.ServiceStarter\MDD4All.SpecIF.Apps.ServiceStarter.csproj", "{F842AFB5-41A1-4576-B438-A1B04B3D6A40}"
EndProject
Project("{2150E333-8FDC-42A3-9474-1A3956D46DE8}") = "9_Common", "9_Common", "{9729D024-D566-421A-B432-4465C30B0692}"
EndProject
Project("{9A19103F-16F7-4668-BE54-9A1E7A4F7556}") = "MDD4All.SpecIF.DataModels", "MDD4All.SpecIF.DataModels\src\MDD4All.SpecIF.DataModels\MDD4All.SpecIF.DataModels.csproj", "{C33E488B-DAFE-4FF6-A62C-E090425D84F2}"
EndProject
Project("{2150E333-8FDC-42A3-9474-1A3956D46DE8}") = "9.1_Configuration", "9.1_Configuration", "{DC91C609-C71E-4D2C-A0DF-C5452BBBA0C0}"
EndProject
Project("{9A19103F-16F7-4668-BE54-9A1E7A4F7556}") = "MDD4All.Configuration", "MDD4All.Configuration\src\MDD4All.Configuration\MDD4All.Configuration.csproj", "{2F1E85AE-67C5-410A-8569-D9D00E403DDA}"
EndProject
Project("{FAE04EC0-301F-11D3-BF4B-00C04F79EFBC}") = "MDD4All.Configuration.Views", "MDD4All.Configuration\src\MDD4All.Configuration.Views\MDD4All.Configuration.Views.csproj", "{49D188E4-DA77-408D-A618-B4467CD3C4BD}"
EndProject
Project("{9A19103F-16F7-4668-BE54-9A1E7A4F7556}") = "MDD4All.Jira.DataModels", "MDD4All.Jira.DataModels\src\MDD4All.Jira.DataModels\MDD4All.Jira.DataModels.csproj", "{EC71A733-6915-4173-B593-425C541EFF6B}"
EndProject
Project("{9A19103F-16F7-4668-BE54-9A1E7A4F7556}") = "MDD4All.EnterpriseArchitect.SvgGenerator", "SvgGeneration\src\MDD4All.EnterpriseArchitect.SvgGenerator\MDD4All.EnterpriseArchitect.SvgGenerator.csproj", "{7D87B88B-9D7B-4AAE-ADD8-4145E64C628F}"
EndProject
Project("{9A19103F-16F7-4668-BE54-9A1E7A4F7556}") = "MDD4All.SpecIF.DataModels.RightsManagement", "MDD4All.SpecIF.DataModels.RightsManagement\src\MDD4All.SpecIF.DataModels.RightsManagement\MDD4All.SpecIF.DataModels.RightsManagement.csproj", "{4BF65262-85DA-478A-90B2-A45CD801EF83}"
EndProject
Project("{9A19103F-16F7-4668-BE54-9A1E7A4F7556}") = "MDD4All.SpecIF.DataModels.DiagramInterchange", "MDD4All.SpecIF.DataModels.DiagramInterchange\src\MDD4All.SpecIF.DataModels.DiagramInterchange\MDD4All.SpecIF.DataModels.DiagramInterchange.csproj", "{2F82AD30-00BE-467E-BB6E-EDD1BE27D84E}"
EndProject
Project("{9A19103F-16F7-4668-BE54-9A1E7A4F7556}") = "MDD4All.SVG.DataModels", "MDD4All.SVG.DataModels\src\MDD4All.SVG.DataModels\MDD4All.SVG.DataModels.csproj", "{8695D734-D3F3-44EE-A061-9B4704FE3724}"
EndProject
Project("{9A19103F-16F7-4668-BE54-9A1E7A4F7556}") = "MDD4All.SpecIF.DataModels.Manipulation-dev", "MDD4All.SpecIF.DataModels.Manipulation\src\MDD4All.SpecIF.DataModels.Manipulation\MDD4All.SpecIF.DataModels.Manipulation-dev.csproj", "{77EFC2A2-5CEC-4286-ABB4-A9488FC3A7CE}"
EndProject
Project("{9A19103F-16F7-4668-BE54-9A1E7A4F7556}") = "MDD4All.SpecIF.DataProvider.Contracts-dev", "MDD4All.SpecIF.DataProvider.Contracts\src\MDD4All.SpecIF.DataProvider.Contracts\MDD4All.SpecIF.DataProvider.Contracts-dev.csproj", "{95D8FEB4-5455-4104-B2A8-0B9487A489CD}"
EndProject
Project("{9A19103F-16F7-4668-BE54-9A1E7A4F7556}") = "MDD4All.SpecIF.DataProvider.File-dev", "MDD4All.SpecIF.DataProvider.File\src\MDD4All.SpecIF.DataProvider.File\MDD4All.SpecIF.DataProvider.File-dev.csproj", "{6E28A28C-D8D3-4870-98CF-4A3A03F6973C}"
EndProject
Project("{9A19103F-16F7-4668-BE54-9A1E7A4F7556}") = "MDD4All.SpecIF.Generators.Vocabulary-dev", "MDD4All.SpecIF.Generators.Vocabulary\src\MDD4All.SpecIF.Generators.Vocabulary\MDD4All.SpecIF.Generators.Vocabulary-dev.csproj", "{FE5D8DBF-67B0-40FE-B9CD-6E073E56D44D}"
EndProject
Project("{9A19103F-16F7-4668-BE54-9A1E7A4F7556}") = "MDD4All.SpecIF.DataAccess.Jira-dev", "MDD4All.SpecIF.DataAccess.Jira\src\MDD4All.SpecIF.DataAccess.Jira\MDD4All.SpecIF.DataAccess.Jira-dev.csproj", "{0FB7ED59-7102-4716-BFD1-4B28E9E88A60}"
EndProject
Project("{9A19103F-16F7-4668-BE54-9A1E7A4F7556}") = "MDD4All.SpecIF.DataFactory-dev", "MDD4All.SpecIF.DataFactory\src\MDD4All.SpecIF.DataFactory\MDD4All.SpecIF.DataFactory-dev.csproj", "{44BA1179-6575-4AA5-9CEB-DB54AF718CA5}"
EndProject
Project("{9A19103F-16F7-4668-BE54-9A1E7A4F7556}") = "MDD4All.SpecIF.DataProvider.Jira-dev", "MDD4All.SpecIF.DataProvider.Jira\src\MDD4All.SpecIF.DataProvider.Jira\MDD4All.SpecIF.DataProvider.Jira-dev.csproj", "{C918091E-16B0-4C93-B6FF-5BC7EE79A899}"
EndProject
Project("{9A19103F-16F7-4668-BE54-9A1E7A4F7556}") = "MDD4All.SpecIF.DataProvider.EA-dev", "MDD4All.SpecIF.DataProvider.EA\src\MDD4All.SpecIF.DataProvider.EA\MDD4All.SpecIF.DataProvider.EA-dev.csproj", "{73D5D8D9-3FCC-462A-982F-BE44F5499044}"
EndProject
Project("{9A19103F-16F7-4668-BE54-9A1E7A4F7556}") = "MDD4All.SpecIF.DataProvider.MongoDB-dev", "MDD4All.SpecIF.DataProvider.MongoDB\src\MDD4All.SpecIF.DataProvider.MongoDB\MDD4All.SpecIF.DataProvider.MongoDB-dev.csproj", "{AE357B43-07C9-47EC-9BF5-DF0281A14D00}"
EndProject
Project("{9A19103F-16F7-4668-BE54-9A1E7A4F7556}") = "MDD4All.SpecIF.DataIntegrator.EA-dev", "MDD4All.SpecIF.DataIntegrator.EA\src\MDD4All.SpecIF.DataIntegrator.EA\MDD4All.SpecIF.DataIntegrator.EA-dev.csproj", "{7D05D418-DC7E-4625-AF6D-D9A81C02657D}"
EndProject
Project("{9A19103F-16F7-4668-BE54-9A1E7A4F7556}") = "MDD4All.SpecIF.DataIntegrator.Contracts-dev", "MDD4All.SpecIF.DataIntegrator.Contracts\src\MDD4All.SpecIF.DataIntegrator.Contracts\MDD4All.SpecIF.DataIntegrator.Contracts-dev.csproj", "{9F65EDFE-840A-4FB1-BAED-1205CD6BC4BB}"
EndProject
Project("{9A19103F-16F7-4668-BE54-9A1E7A4F7556}") = "MDD4All.SpecIf.Microservice-dev", "MDD4All.SpecIF.Microservice\MDD4All.SpecIf.Microservice-dev.csproj", "{B735769E-0E8D-4403-8AAC-C2C17330AC2B}"
EndProject
Project("{9A19103F-16F7-4668-BE54-9A1E7A4F7556}") = "MDD4All.SpecIF.DataProvider.WebAPI-dev", "MDD4All.SpecIF.DataProvider.WebAPI\src\MDD4All.SpecIF.DataProvvider.WebAPI\MDD4All.SpecIF.DataProvider.WebAPI-dev.csproj", "{2CC3FA8A-174E-4041-9B0B-35F92BA4E05C}"
EndProject
Project("{9A19103F-16F7-4668-BE54-9A1E7A4F7556}") = "MDD4All.SpecIF.DataProvider.Integration-dev", "MDD4All.SpecIF.DataProvider.Integration\src\MDD4All.SpecIF.DataProvvider.Integration\MDD4All.SpecIF.DataProvider.Integration-dev.csproj", "{DCFDE569-0666-45F8-A4D5-84346ED8DACA}"
EndProject
Project("{9A19103F-16F7-4668-BE54-9A1E7A4F7556}") = "MDD4All.SpecIF.ServiceDataProvider-dev", "MDD4All.SpecIF.ServiceDataProvider\src\MDD4All.SpecIF.ServiceDataProvvider\MDD4All.SpecIF.ServiceDataProvider-dev.csproj", "{F96D2184-C03F-49C8-AA90-0AB2FC6FDB3E}"
EndProject
Project("{9A19103F-16F7-4668-BE54-9A1E7A4F7556}") = "MDD4All.Kafka.DataAccess-dev", "MDD4All.Kafka.DataAccess\src\MDD4All.Kafka.DataAccess\MDD4All.Kafka.DataAccess-dev.csproj", "{47F5D654-4175-47D6-9508-852BB9AE9FAE}"
EndProject
Project("{9A19103F-16F7-4668-BE54-9A1E7A4F7556}") = "MDD4All.SpecIF.DataIntegrator.KafkaListener-dev", "MDD4All.SpecIF.DataIntegrator.KafkaListener\src\MDD4All.SpecIF.DataIntegrator.KafkaListener\MDD4All.SpecIF.DataIntegrator.KafkaListener-dev.csproj", "{FBA2C328-0B89-47A9-9B21-70113A5945A2}"
EndProject
Project("{9A19103F-16F7-4668-BE54-9A1E7A4F7556}") = "MDD4All.SpecIF.ViewModels.IntegrationService-dev", "MDD4All.SpecIF.ViewModels.IntegrationService\src\MDD4All.SpecIF.ViewModels.IntegrationService\MDD4All.SpecIF.ViewModels.IntegrationService-dev.csproj", "{54C4CC5B-33B1-426F-920D-6D6866DB60F7}"
EndProject
Project("{9A19103F-16F7-4668-BE54-9A1E7A4F7556}") = "MDD4All.SpecIF.ViewModels.SpecIfEvent-dev", "MDD4All.SpecIF.ViewModels.SpecIfEvent\src\MDD4All.SpecIF.ViewModels.SpecIfEvent\MDD4All.SpecIF.ViewModels.SpecIfEvent-dev.csproj", "{7844039D-7CDE-4FD2-B782-2ED9AD3333B0}"
EndProject
Project("{FAE04EC0-301F-11D3-BF4B-00C04F79EFBC}") = "MDD4All.SpecIF.Apps.EaPlugin-dev", "MDD4All.SpecIF.Apps.EaPlugin\src\MDD4All.SpecIF.Apps.EaPlugin\MDD4All.SpecIF.Apps.EaPlugin-dev.csproj", "{C8C1DC9D-389A-4FCF-A932-E2E355A0AD04}"
EndProject
Global
	GlobalSection(SolutionConfigurationPlatforms) = preSolution
		Debug|Any CPU = Debug|Any CPU
		Debug|x86 = Debug|x86
		Release|Any CPU = Release|Any CPU
		Release|x86 = Release|x86
	EndGlobalSection
	GlobalSection(ProjectConfigurationPlatforms) = postSolution
		{A36200BB-8D73-4557-B22C-49E2AC480E75}.Debug|Any CPU.ActiveCfg = Debug|Any CPU
		{A36200BB-8D73-4557-B22C-49E2AC480E75}.Debug|Any CPU.Build.0 = Debug|Any CPU
		{A36200BB-8D73-4557-B22C-49E2AC480E75}.Debug|x86.ActiveCfg = Debug|Any CPU
		{A36200BB-8D73-4557-B22C-49E2AC480E75}.Debug|x86.Build.0 = Debug|Any CPU
		{A36200BB-8D73-4557-B22C-49E2AC480E75}.Release|Any CPU.ActiveCfg = Release|Any CPU
		{A36200BB-8D73-4557-B22C-49E2AC480E75}.Release|Any CPU.Build.0 = Release|Any CPU
		{A36200BB-8D73-4557-B22C-49E2AC480E75}.Release|x86.ActiveCfg = Release|Any CPU
		{A36200BB-8D73-4557-B22C-49E2AC480E75}.Release|x86.Build.0 = Release|Any CPU
		{B30339F5-F959-449A-9636-44219FE6033E}.Debug|Any CPU.ActiveCfg = Debug|Any CPU
		{B30339F5-F959-449A-9636-44219FE6033E}.Debug|Any CPU.Build.0 = Debug|Any CPU
		{B30339F5-F959-449A-9636-44219FE6033E}.Debug|x86.ActiveCfg = Debug|Any CPU
		{B30339F5-F959-449A-9636-44219FE6033E}.Debug|x86.Build.0 = Debug|Any CPU
		{B30339F5-F959-449A-9636-44219FE6033E}.Release|Any CPU.ActiveCfg = Release|Any CPU
		{B30339F5-F959-449A-9636-44219FE6033E}.Release|Any CPU.Build.0 = Release|Any CPU
		{B30339F5-F959-449A-9636-44219FE6033E}.Release|x86.ActiveCfg = Release|Any CPU
		{B30339F5-F959-449A-9636-44219FE6033E}.Release|x86.Build.0 = Release|Any CPU
		{3EA9BF0E-24CF-4CDE-82BA-860465DF65E8}.Debug|Any CPU.ActiveCfg = Debug|Any CPU
		{3EA9BF0E-24CF-4CDE-82BA-860465DF65E8}.Debug|Any CPU.Build.0 = Debug|Any CPU
		{3EA9BF0E-24CF-4CDE-82BA-860465DF65E8}.Debug|x86.ActiveCfg = Debug|Any CPU
		{3EA9BF0E-24CF-4CDE-82BA-860465DF65E8}.Debug|x86.Build.0 = Debug|Any CPU
		{3EA9BF0E-24CF-4CDE-82BA-860465DF65E8}.Release|Any CPU.ActiveCfg = Release|Any CPU
		{3EA9BF0E-24CF-4CDE-82BA-860465DF65E8}.Release|Any CPU.Build.0 = Release|Any CPU
		{3EA9BF0E-24CF-4CDE-82BA-860465DF65E8}.Release|x86.ActiveCfg = Release|Any CPU
		{3EA9BF0E-24CF-4CDE-82BA-860465DF65E8}.Release|x86.Build.0 = Release|Any CPU
		{0713C8D3-670F-46A7-9226-A152D5202B09}.Debug|Any CPU.ActiveCfg = Debug|Any CPU
		{0713C8D3-670F-46A7-9226-A152D5202B09}.Debug|Any CPU.Build.0 = Debug|Any CPU
		{0713C8D3-670F-46A7-9226-A152D5202B09}.Debug|x86.ActiveCfg = Debug|Any CPU
		{0713C8D3-670F-46A7-9226-A152D5202B09}.Debug|x86.Build.0 = Debug|Any CPU
		{0713C8D3-670F-46A7-9226-A152D5202B09}.Release|Any CPU.ActiveCfg = Release|Any CPU
		{0713C8D3-670F-46A7-9226-A152D5202B09}.Release|Any CPU.Build.0 = Release|Any CPU
		{0713C8D3-670F-46A7-9226-A152D5202B09}.Release|x86.ActiveCfg = Release|Any CPU
		{0713C8D3-670F-46A7-9226-A152D5202B09}.Release|x86.Build.0 = Release|Any CPU
		{BC75CE9E-F322-4B53-9929-3BE9C4B0B891}.Debug|Any CPU.ActiveCfg = Debug|Any CPU
		{BC75CE9E-F322-4B53-9929-3BE9C4B0B891}.Debug|Any CPU.Build.0 = Debug|Any CPU
		{BC75CE9E-F322-4B53-9929-3BE9C4B0B891}.Debug|x86.ActiveCfg = Debug|Any CPU
		{BC75CE9E-F322-4B53-9929-3BE9C4B0B891}.Debug|x86.Build.0 = Debug|Any CPU
		{BC75CE9E-F322-4B53-9929-3BE9C4B0B891}.Release|Any CPU.ActiveCfg = Release|Any CPU
		{BC75CE9E-F322-4B53-9929-3BE9C4B0B891}.Release|Any CPU.Build.0 = Release|Any CPU
		{BC75CE9E-F322-4B53-9929-3BE9C4B0B891}.Release|x86.ActiveCfg = Release|Any CPU
		{BC75CE9E-F322-4B53-9929-3BE9C4B0B891}.Release|x86.Build.0 = Release|Any CPU
		{B3BA335B-4356-4FAD-877F-1578A2122AF0}.Debug|Any CPU.ActiveCfg = Debug|Any CPU
		{B3BA335B-4356-4FAD-877F-1578A2122AF0}.Debug|Any CPU.Build.0 = Debug|Any CPU
		{B3BA335B-4356-4FAD-877F-1578A2122AF0}.Debug|x86.ActiveCfg = Debug|Any CPU
		{B3BA335B-4356-4FAD-877F-1578A2122AF0}.Debug|x86.Build.0 = Debug|Any CPU
		{B3BA335B-4356-4FAD-877F-1578A2122AF0}.Release|Any CPU.ActiveCfg = Release|Any CPU
		{B3BA335B-4356-4FAD-877F-1578A2122AF0}.Release|Any CPU.Build.0 = Release|Any CPU
		{B3BA335B-4356-4FAD-877F-1578A2122AF0}.Release|x86.ActiveCfg = Release|Any CPU
		{B3BA335B-4356-4FAD-877F-1578A2122AF0}.Release|x86.Build.0 = Release|Any CPU
		{F842AFB5-41A1-4576-B438-A1B04B3D6A40}.Debug|Any CPU.ActiveCfg = Debug|Any CPU
		{F842AFB5-41A1-4576-B438-A1B04B3D6A40}.Debug|Any CPU.Build.0 = Debug|Any CPU
		{F842AFB5-41A1-4576-B438-A1B04B3D6A40}.Debug|x86.ActiveCfg = Debug|Any CPU
		{F842AFB5-41A1-4576-B438-A1B04B3D6A40}.Debug|x86.Build.0 = Debug|Any CPU
		{F842AFB5-41A1-4576-B438-A1B04B3D6A40}.Release|Any CPU.ActiveCfg = Release|Any CPU
		{F842AFB5-41A1-4576-B438-A1B04B3D6A40}.Release|Any CPU.Build.0 = Release|Any CPU
		{F842AFB5-41A1-4576-B438-A1B04B3D6A40}.Release|x86.ActiveCfg = Release|Any CPU
		{F842AFB5-41A1-4576-B438-A1B04B3D6A40}.Release|x86.Build.0 = Release|Any CPU
		{C33E488B-DAFE-4FF6-A62C-E090425D84F2}.Debug|Any CPU.ActiveCfg = Debug|Any CPU
		{C33E488B-DAFE-4FF6-A62C-E090425D84F2}.Debug|Any CPU.Build.0 = Debug|Any CPU
		{C33E488B-DAFE-4FF6-A62C-E090425D84F2}.Debug|x86.ActiveCfg = Debug|Any CPU
		{C33E488B-DAFE-4FF6-A62C-E090425D84F2}.Debug|x86.Build.0 = Debug|Any CPU
		{C33E488B-DAFE-4FF6-A62C-E090425D84F2}.Release|Any CPU.ActiveCfg = Release|Any CPU
		{C33E488B-DAFE-4FF6-A62C-E090425D84F2}.Release|Any CPU.Build.0 = Release|Any CPU
		{C33E488B-DAFE-4FF6-A62C-E090425D84F2}.Release|x86.ActiveCfg = Release|Any CPU
		{C33E488B-DAFE-4FF6-A62C-E090425D84F2}.Release|x86.Build.0 = Release|Any CPU
		{2F1E85AE-67C5-410A-8569-D9D00E403DDA}.Debug|Any CPU.ActiveCfg = Debug|Any CPU
		{2F1E85AE-67C5-410A-8569-D9D00E403DDA}.Debug|Any CPU.Build.0 = Debug|Any CPU
		{2F1E85AE-67C5-410A-8569-D9D00E403DDA}.Debug|x86.ActiveCfg = Debug|Any CPU
		{2F1E85AE-67C5-410A-8569-D9D00E403DDA}.Debug|x86.Build.0 = Debug|Any CPU
		{2F1E85AE-67C5-410A-8569-D9D00E403DDA}.Release|Any CPU.ActiveCfg = Release|Any CPU
		{2F1E85AE-67C5-410A-8569-D9D00E403DDA}.Release|Any CPU.Build.0 = Release|Any CPU
		{2F1E85AE-67C5-410A-8569-D9D00E403DDA}.Release|x86.ActiveCfg = Release|Any CPU
		{2F1E85AE-67C5-410A-8569-D9D00E403DDA}.Release|x86.Build.0 = Release|Any CPU
		{49D188E4-DA77-408D-A618-B4467CD3C4BD}.Debug|Any CPU.ActiveCfg = Debug|Any CPU
		{49D188E4-DA77-408D-A618-B4467CD3C4BD}.Debug|Any CPU.Build.0 = Debug|Any CPU
		{49D188E4-DA77-408D-A618-B4467CD3C4BD}.Debug|x86.ActiveCfg = Debug|Any CPU
		{49D188E4-DA77-408D-A618-B4467CD3C4BD}.Debug|x86.Build.0 = Debug|Any CPU
		{49D188E4-DA77-408D-A618-B4467CD3C4BD}.Release|Any CPU.ActiveCfg = Release|Any CPU
		{49D188E4-DA77-408D-A618-B4467CD3C4BD}.Release|Any CPU.Build.0 = Release|Any CPU
		{49D188E4-DA77-408D-A618-B4467CD3C4BD}.Release|x86.ActiveCfg = Release|Any CPU
		{49D188E4-DA77-408D-A618-B4467CD3C4BD}.Release|x86.Build.0 = Release|Any CPU
		{EC71A733-6915-4173-B593-425C541EFF6B}.Debug|Any CPU.ActiveCfg = Debug|Any CPU
		{EC71A733-6915-4173-B593-425C541EFF6B}.Debug|Any CPU.Build.0 = Debug|Any CPU
		{EC71A733-6915-4173-B593-425C541EFF6B}.Debug|x86.ActiveCfg = Debug|Any CPU
		{EC71A733-6915-4173-B593-425C541EFF6B}.Debug|x86.Build.0 = Debug|Any CPU
		{EC71A733-6915-4173-B593-425C541EFF6B}.Release|Any CPU.ActiveCfg = Release|Any CPU
		{EC71A733-6915-4173-B593-425C541EFF6B}.Release|Any CPU.Build.0 = Release|Any CPU
		{EC71A733-6915-4173-B593-425C541EFF6B}.Release|x86.ActiveCfg = Release|Any CPU
		{EC71A733-6915-4173-B593-425C541EFF6B}.Release|x86.Build.0 = Release|Any CPU
		{7D87B88B-9D7B-4AAE-ADD8-4145E64C628F}.Debug|Any CPU.ActiveCfg = Debug|Any CPU
		{7D87B88B-9D7B-4AAE-ADD8-4145E64C628F}.Debug|Any CPU.Build.0 = Debug|Any CPU
		{7D87B88B-9D7B-4AAE-ADD8-4145E64C628F}.Debug|x86.ActiveCfg = Debug|Any CPU
		{7D87B88B-9D7B-4AAE-ADD8-4145E64C628F}.Debug|x86.Build.0 = Debug|Any CPU
		{7D87B88B-9D7B-4AAE-ADD8-4145E64C628F}.Release|Any CPU.ActiveCfg = Release|Any CPU
		{7D87B88B-9D7B-4AAE-ADD8-4145E64C628F}.Release|Any CPU.Build.0 = Release|Any CPU
		{7D87B88B-9D7B-4AAE-ADD8-4145E64C628F}.Release|x86.ActiveCfg = Release|Any CPU
		{7D87B88B-9D7B-4AAE-ADD8-4145E64C628F}.Release|x86.Build.0 = Release|Any CPU
		{4BF65262-85DA-478A-90B2-A45CD801EF83}.Debug|Any CPU.ActiveCfg = Debug|Any CPU
		{4BF65262-85DA-478A-90B2-A45CD801EF83}.Debug|Any CPU.Build.0 = Debug|Any CPU
		{4BF65262-85DA-478A-90B2-A45CD801EF83}.Debug|x86.ActiveCfg = Debug|Any CPU
		{4BF65262-85DA-478A-90B2-A45CD801EF83}.Debug|x86.Build.0 = Debug|Any CPU
		{4BF65262-85DA-478A-90B2-A45CD801EF83}.Release|Any CPU.ActiveCfg = Release|Any CPU
		{4BF65262-85DA-478A-90B2-A45CD801EF83}.Release|Any CPU.Build.0 = Release|Any CPU
		{4BF65262-85DA-478A-90B2-A45CD801EF83}.Release|x86.ActiveCfg = Release|Any CPU
		{4BF65262-85DA-478A-90B2-A45CD801EF83}.Release|x86.Build.0 = Release|Any CPU
		{2F82AD30-00BE-467E-BB6E-EDD1BE27D84E}.Debug|Any CPU.ActiveCfg = Debug|Any CPU
		{2F82AD30-00BE-467E-BB6E-EDD1BE27D84E}.Debug|Any CPU.Build.0 = Debug|Any CPU
		{2F82AD30-00BE-467E-BB6E-EDD1BE27D84E}.Debug|x86.ActiveCfg = Debug|Any CPU
		{2F82AD30-00BE-467E-BB6E-EDD1BE27D84E}.Debug|x86.Build.0 = Debug|Any CPU
		{2F82AD30-00BE-467E-BB6E-EDD1BE27D84E}.Release|Any CPU.ActiveCfg = Release|Any CPU
		{2F82AD30-00BE-467E-BB6E-EDD1BE27D84E}.Release|Any CPU.Build.0 = Release|Any CPU
		{2F82AD30-00BE-467E-BB6E-EDD1BE27D84E}.Release|x86.ActiveCfg = Release|Any CPU
		{2F82AD30-00BE-467E-BB6E-EDD1BE27D84E}.Release|x86.Build.0 = Release|Any CPU
		{8695D734-D3F3-44EE-A061-9B4704FE3724}.Debug|Any CPU.ActiveCfg = Debug|Any CPU
		{8695D734-D3F3-44EE-A061-9B4704FE3724}.Debug|Any CPU.Build.0 = Debug|Any CPU
		{8695D734-D3F3-44EE-A061-9B4704FE3724}.Debug|x86.ActiveCfg = Debug|Any CPU
		{8695D734-D3F3-44EE-A061-9B4704FE3724}.Debug|x86.Build.0 = Debug|Any CPU
		{8695D734-D3F3-44EE-A061-9B4704FE3724}.Release|Any CPU.ActiveCfg = Release|Any CPU
		{8695D734-D3F3-44EE-A061-9B4704FE3724}.Release|Any CPU.Build.0 = Release|Any CPU
		{8695D734-D3F3-44EE-A061-9B4704FE3724}.Release|x86.ActiveCfg = Release|Any CPU
		{8695D734-D3F3-44EE-A061-9B4704FE3724}.Release|x86.Build.0 = Release|Any CPU
		{77EFC2A2-5CEC-4286-ABB4-A9488FC3A7CE}.Debug|Any CPU.ActiveCfg = Debug|Any CPU
		{77EFC2A2-5CEC-4286-ABB4-A9488FC3A7CE}.Debug|Any CPU.Build.0 = Debug|Any CPU
		{77EFC2A2-5CEC-4286-ABB4-A9488FC3A7CE}.Debug|x86.ActiveCfg = Debug|x86
		{77EFC2A2-5CEC-4286-ABB4-A9488FC3A7CE}.Debug|x86.Build.0 = Debug|x86
		{77EFC2A2-5CEC-4286-ABB4-A9488FC3A7CE}.Release|Any CPU.ActiveCfg = Release|Any CPU
		{77EFC2A2-5CEC-4286-ABB4-A9488FC3A7CE}.Release|Any CPU.Build.0 = Release|Any CPU
		{77EFC2A2-5CEC-4286-ABB4-A9488FC3A7CE}.Release|x86.ActiveCfg = Release|x86
		{77EFC2A2-5CEC-4286-ABB4-A9488FC3A7CE}.Release|x86.Build.0 = Release|x86
		{95D8FEB4-5455-4104-B2A8-0B9487A489CD}.Debug|Any CPU.ActiveCfg = Debug|Any CPU
		{95D8FEB4-5455-4104-B2A8-0B9487A489CD}.Debug|Any CPU.Build.0 = Debug|Any CPU
		{95D8FEB4-5455-4104-B2A8-0B9487A489CD}.Debug|x86.ActiveCfg = Debug|Any CPU
		{95D8FEB4-5455-4104-B2A8-0B9487A489CD}.Debug|x86.Build.0 = Debug|Any CPU
		{95D8FEB4-5455-4104-B2A8-0B9487A489CD}.Release|Any CPU.ActiveCfg = Release|Any CPU
		{95D8FEB4-5455-4104-B2A8-0B9487A489CD}.Release|Any CPU.Build.0 = Release|Any CPU
		{95D8FEB4-5455-4104-B2A8-0B9487A489CD}.Release|x86.ActiveCfg = Release|Any CPU
		{95D8FEB4-5455-4104-B2A8-0B9487A489CD}.Release|x86.Build.0 = Release|Any CPU
		{6E28A28C-D8D3-4870-98CF-4A3A03F6973C}.Debug|Any CPU.ActiveCfg = Debug|Any CPU
		{6E28A28C-D8D3-4870-98CF-4A3A03F6973C}.Debug|Any CPU.Build.0 = Debug|Any CPU
		{6E28A28C-D8D3-4870-98CF-4A3A03F6973C}.Debug|x86.ActiveCfg = Debug|x86
		{6E28A28C-D8D3-4870-98CF-4A3A03F6973C}.Debug|x86.Build.0 = Debug|x86
		{6E28A28C-D8D3-4870-98CF-4A3A03F6973C}.Release|Any CPU.ActiveCfg = Release|Any CPU
		{6E28A28C-D8D3-4870-98CF-4A3A03F6973C}.Release|Any CPU.Build.0 = Release|Any CPU
		{6E28A28C-D8D3-4870-98CF-4A3A03F6973C}.Release|x86.ActiveCfg = Release|x86
		{6E28A28C-D8D3-4870-98CF-4A3A03F6973C}.Release|x86.Build.0 = Release|x86
		{FE5D8DBF-67B0-40FE-B9CD-6E073E56D44D}.Debug|Any CPU.ActiveCfg = Debug|Any CPU
		{FE5D8DBF-67B0-40FE-B9CD-6E073E56D44D}.Debug|Any CPU.Build.0 = Debug|Any CPU
		{FE5D8DBF-67B0-40FE-B9CD-6E073E56D44D}.Debug|x86.ActiveCfg = Debug|Any CPU
		{FE5D8DBF-67B0-40FE-B9CD-6E073E56D44D}.Debug|x86.Build.0 = Debug|Any CPU
		{FE5D8DBF-67B0-40FE-B9CD-6E073E56D44D}.Release|Any CPU.ActiveCfg = Release|Any CPU
		{FE5D8DBF-67B0-40FE-B9CD-6E073E56D44D}.Release|Any CPU.Build.0 = Release|Any CPU
		{FE5D8DBF-67B0-40FE-B9CD-6E073E56D44D}.Release|x86.ActiveCfg = Release|Any CPU
		{FE5D8DBF-67B0-40FE-B9CD-6E073E56D44D}.Release|x86.Build.0 = Release|Any CPU
		{0FB7ED59-7102-4716-BFD1-4B28E9E88A60}.Debug|Any CPU.ActiveCfg = Debug|Any CPU
		{0FB7ED59-7102-4716-BFD1-4B28E9E88A60}.Debug|Any CPU.Build.0 = Debug|Any CPU
		{0FB7ED59-7102-4716-BFD1-4B28E9E88A60}.Debug|x86.ActiveCfg = Debug|Any CPU
		{0FB7ED59-7102-4716-BFD1-4B28E9E88A60}.Debug|x86.Build.0 = Debug|Any CPU
		{0FB7ED59-7102-4716-BFD1-4B28E9E88A60}.Release|Any CPU.ActiveCfg = Release|Any CPU
		{0FB7ED59-7102-4716-BFD1-4B28E9E88A60}.Release|Any CPU.Build.0 = Release|Any CPU
		{0FB7ED59-7102-4716-BFD1-4B28E9E88A60}.Release|x86.ActiveCfg = Release|Any CPU
		{0FB7ED59-7102-4716-BFD1-4B28E9E88A60}.Release|x86.Build.0 = Release|Any CPU
		{44BA1179-6575-4AA5-9CEB-DB54AF718CA5}.Debug|Any CPU.ActiveCfg = Debug|Any CPU
		{44BA1179-6575-4AA5-9CEB-DB54AF718CA5}.Debug|Any CPU.Build.0 = Debug|Any CPU
		{44BA1179-6575-4AA5-9CEB-DB54AF718CA5}.Debug|x86.ActiveCfg = Debug|Any CPU
		{44BA1179-6575-4AA5-9CEB-DB54AF718CA5}.Debug|x86.Build.0 = Debug|Any CPU
		{44BA1179-6575-4AA5-9CEB-DB54AF718CA5}.Release|Any CPU.ActiveCfg = Release|Any CPU
		{44BA1179-6575-4AA5-9CEB-DB54AF718CA5}.Release|Any CPU.Build.0 = Release|Any CPU
		{44BA1179-6575-4AA5-9CEB-DB54AF718CA5}.Release|x86.ActiveCfg = Release|Any CPU
		{44BA1179-6575-4AA5-9CEB-DB54AF718CA5}.Release|x86.Build.0 = Release|Any CPU
		{C918091E-16B0-4C93-B6FF-5BC7EE79A899}.Debug|Any CPU.ActiveCfg = Debug|Any CPU
		{C918091E-16B0-4C93-B6FF-5BC7EE79A899}.Debug|Any CPU.Build.0 = Debug|Any CPU
		{C918091E-16B0-4C93-B6FF-5BC7EE79A899}.Debug|x86.ActiveCfg = Debug|Any CPU
		{C918091E-16B0-4C93-B6FF-5BC7EE79A899}.Debug|x86.Build.0 = Debug|Any CPU
		{C918091E-16B0-4C93-B6FF-5BC7EE79A899}.Release|Any CPU.ActiveCfg = Release|Any CPU
		{C918091E-16B0-4C93-B6FF-5BC7EE79A899}.Release|Any CPU.Build.0 = Release|Any CPU
		{C918091E-16B0-4C93-B6FF-5BC7EE79A899}.Release|x86.ActiveCfg = Release|Any CPU
		{C918091E-16B0-4C93-B6FF-5BC7EE79A899}.Release|x86.Build.0 = Release|Any CPU
		{73D5D8D9-3FCC-462A-982F-BE44F5499044}.Debug|Any CPU.ActiveCfg = Debug|Any CPU
		{73D5D8D9-3FCC-462A-982F-BE44F5499044}.Debug|Any CPU.Build.0 = Debug|Any CPU
		{73D5D8D9-3FCC-462A-982F-BE44F5499044}.Debug|x86.ActiveCfg = Debug|Any CPU
		{73D5D8D9-3FCC-462A-982F-BE44F5499044}.Debug|x86.Build.0 = Debug|Any CPU
		{73D5D8D9-3FCC-462A-982F-BE44F5499044}.Release|Any CPU.ActiveCfg = Release|Any CPU
		{73D5D8D9-3FCC-462A-982F-BE44F5499044}.Release|Any CPU.Build.0 = Release|Any CPU
		{73D5D8D9-3FCC-462A-982F-BE44F5499044}.Release|x86.ActiveCfg = Release|Any CPU
		{73D5D8D9-3FCC-462A-982F-BE44F5499044}.Release|x86.Build.0 = Release|Any CPU
		{AE357B43-07C9-47EC-9BF5-DF0281A14D00}.Debug|Any CPU.ActiveCfg = Debug|Any CPU
		{AE357B43-07C9-47EC-9BF5-DF0281A14D00}.Debug|Any CPU.Build.0 = Debug|Any CPU
		{AE357B43-07C9-47EC-9BF5-DF0281A14D00}.Debug|x86.ActiveCfg = Debug|x86
		{AE357B43-07C9-47EC-9BF5-DF0281A14D00}.Debug|x86.Build.0 = Debug|x86
		{AE357B43-07C9-47EC-9BF5-DF0281A14D00}.Release|Any CPU.ActiveCfg = Release|Any CPU
		{AE357B43-07C9-47EC-9BF5-DF0281A14D00}.Release|Any CPU.Build.0 = Release|Any CPU
		{AE357B43-07C9-47EC-9BF5-DF0281A14D00}.Release|x86.ActiveCfg = Release|x86
		{AE357B43-07C9-47EC-9BF5-DF0281A14D00}.Release|x86.Build.0 = Release|x86
		{7D05D418-DC7E-4625-AF6D-D9A81C02657D}.Debug|Any CPU.ActiveCfg = Debug|Any CPU
		{7D05D418-DC7E-4625-AF6D-D9A81C02657D}.Debug|Any CPU.Build.0 = Debug|Any CPU
		{7D05D418-DC7E-4625-AF6D-D9A81C02657D}.Debug|x86.ActiveCfg = Debug|Any CPU
		{7D05D418-DC7E-4625-AF6D-D9A81C02657D}.Debug|x86.Build.0 = Debug|Any CPU
		{7D05D418-DC7E-4625-AF6D-D9A81C02657D}.Release|Any CPU.ActiveCfg = Release|Any CPU
		{7D05D418-DC7E-4625-AF6D-D9A81C02657D}.Release|Any CPU.Build.0 = Release|Any CPU
		{7D05D418-DC7E-4625-AF6D-D9A81C02657D}.Release|x86.ActiveCfg = Release|Any CPU
		{7D05D418-DC7E-4625-AF6D-D9A81C02657D}.Release|x86.Build.0 = Release|Any CPU
		{9F65EDFE-840A-4FB1-BAED-1205CD6BC4BB}.Debug|Any CPU.ActiveCfg = Debug|Any CPU
		{9F65EDFE-840A-4FB1-BAED-1205CD6BC4BB}.Debug|Any CPU.Build.0 = Debug|Any CPU
		{9F65EDFE-840A-4FB1-BAED-1205CD6BC4BB}.Debug|x86.ActiveCfg = Debug|Any CPU
		{9F65EDFE-840A-4FB1-BAED-1205CD6BC4BB}.Debug|x86.Build.0 = Debug|Any CPU
		{9F65EDFE-840A-4FB1-BAED-1205CD6BC4BB}.Release|Any CPU.ActiveCfg = Release|Any CPU
		{9F65EDFE-840A-4FB1-BAED-1205CD6BC4BB}.Release|Any CPU.Build.0 = Release|Any CPU
		{9F65EDFE-840A-4FB1-BAED-1205CD6BC4BB}.Release|x86.ActiveCfg = Release|Any CPU
		{9F65EDFE-840A-4FB1-BAED-1205CD6BC4BB}.Release|x86.Build.0 = Release|Any CPU
		{B735769E-0E8D-4403-8AAC-C2C17330AC2B}.Debug|Any CPU.ActiveCfg = Debug|Any CPU
		{B735769E-0E8D-4403-8AAC-C2C17330AC2B}.Debug|Any CPU.Build.0 = Debug|Any CPU
		{B735769E-0E8D-4403-8AAC-C2C17330AC2B}.Debug|x86.ActiveCfg = Debug|Any CPU
		{B735769E-0E8D-4403-8AAC-C2C17330AC2B}.Debug|x86.Build.0 = Debug|Any CPU
		{B735769E-0E8D-4403-8AAC-C2C17330AC2B}.Release|Any CPU.ActiveCfg = Release|Any CPU
		{B735769E-0E8D-4403-8AAC-C2C17330AC2B}.Release|Any CPU.Build.0 = Release|Any CPU
		{B735769E-0E8D-4403-8AAC-C2C17330AC2B}.Release|x86.ActiveCfg = Release|Any CPU
		{B735769E-0E8D-4403-8AAC-C2C17330AC2B}.Release|x86.Build.0 = Release|Any CPU
		{2CC3FA8A-174E-4041-9B0B-35F92BA4E05C}.Debug|Any CPU.ActiveCfg = Debug|Any CPU
		{2CC3FA8A-174E-4041-9B0B-35F92BA4E05C}.Debug|Any CPU.Build.0 = Debug|Any CPU
		{2CC3FA8A-174E-4041-9B0B-35F92BA4E05C}.Debug|x86.ActiveCfg = Debug|Any CPU
		{2CC3FA8A-174E-4041-9B0B-35F92BA4E05C}.Debug|x86.Build.0 = Debug|Any CPU
		{2CC3FA8A-174E-4041-9B0B-35F92BA4E05C}.Release|Any CPU.ActiveCfg = Release|Any CPU
		{2CC3FA8A-174E-4041-9B0B-35F92BA4E05C}.Release|Any CPU.Build.0 = Release|Any CPU
		{2CC3FA8A-174E-4041-9B0B-35F92BA4E05C}.Release|x86.ActiveCfg = Release|Any CPU
		{2CC3FA8A-174E-4041-9B0B-35F92BA4E05C}.Release|x86.Build.0 = Release|Any CPU
		{DCFDE569-0666-45F8-A4D5-84346ED8DACA}.Debug|Any CPU.ActiveCfg = Debug|Any CPU
		{DCFDE569-0666-45F8-A4D5-84346ED8DACA}.Debug|Any CPU.Build.0 = Debug|Any CPU
		{DCFDE569-0666-45F8-A4D5-84346ED8DACA}.Debug|x86.ActiveCfg = Debug|Any CPU
		{DCFDE569-0666-45F8-A4D5-84346ED8DACA}.Debug|x86.Build.0 = Debug|Any CPU
		{DCFDE569-0666-45F8-A4D5-84346ED8DACA}.Release|Any CPU.ActiveCfg = Release|Any CPU
		{DCFDE569-0666-45F8-A4D5-84346ED8DACA}.Release|Any CPU.Build.0 = Release|Any CPU
		{DCFDE569-0666-45F8-A4D5-84346ED8DACA}.Release|x86.ActiveCfg = Release|Any CPU
		{DCFDE569-0666-45F8-A4D5-84346ED8DACA}.Release|x86.Build.0 = Release|Any CPU
		{F96D2184-C03F-49C8-AA90-0AB2FC6FDB3E}.Debug|Any CPU.ActiveCfg = Debug|Any CPU
		{F96D2184-C03F-49C8-AA90-0AB2FC6FDB3E}.Debug|Any CPU.Build.0 = Debug|Any CPU
		{F96D2184-C03F-49C8-AA90-0AB2FC6FDB3E}.Debug|x86.ActiveCfg = Debug|Any CPU
		{F96D2184-C03F-49C8-AA90-0AB2FC6FDB3E}.Debug|x86.Build.0 = Debug|Any CPU
		{F96D2184-C03F-49C8-AA90-0AB2FC6FDB3E}.Release|Any CPU.ActiveCfg = Release|Any CPU
		{F96D2184-C03F-49C8-AA90-0AB2FC6FDB3E}.Release|Any CPU.Build.0 = Release|Any CPU
		{F96D2184-C03F-49C8-AA90-0AB2FC6FDB3E}.Release|x86.ActiveCfg = Release|Any CPU
		{F96D2184-C03F-49C8-AA90-0AB2FC6FDB3E}.Release|x86.Build.0 = Release|Any CPU
		{47F5D654-4175-47D6-9508-852BB9AE9FAE}.Debug|Any CPU.ActiveCfg = Debug|Any CPU
		{47F5D654-4175-47D6-9508-852BB9AE9FAE}.Debug|Any CPU.Build.0 = Debug|Any CPU
		{47F5D654-4175-47D6-9508-852BB9AE9FAE}.Debug|x86.ActiveCfg = Debug|Any CPU
		{47F5D654-4175-47D6-9508-852BB9AE9FAE}.Debug|x86.Build.0 = Debug|Any CPU
		{47F5D654-4175-47D6-9508-852BB9AE9FAE}.Release|Any CPU.ActiveCfg = Release|Any CPU
		{47F5D654-4175-47D6-9508-852BB9AE9FAE}.Release|Any CPU.Build.0 = Release|Any CPU
		{47F5D654-4175-47D6-9508-852BB9AE9FAE}.Release|x86.ActiveCfg = Release|Any CPU
		{47F5D654-4175-47D6-9508-852BB9AE9FAE}.Release|x86.Build.0 = Release|Any CPU
		{FBA2C328-0B89-47A9-9B21-70113A5945A2}.Debug|Any CPU.ActiveCfg = Debug|Any CPU
		{FBA2C328-0B89-47A9-9B21-70113A5945A2}.Debug|Any CPU.Build.0 = Debug|Any CPU
		{FBA2C328-0B89-47A9-9B21-70113A5945A2}.Debug|x86.ActiveCfg = Debug|Any CPU
		{FBA2C328-0B89-47A9-9B21-70113A5945A2}.Debug|x86.Build.0 = Debug|Any CPU
		{FBA2C328-0B89-47A9-9B21-70113A5945A2}.Release|Any CPU.ActiveCfg = Release|Any CPU
		{FBA2C328-0B89-47A9-9B21-70113A5945A2}.Release|Any CPU.Build.0 = Release|Any CPU
		{FBA2C328-0B89-47A9-9B21-70113A5945A2}.Release|x86.ActiveCfg = Release|Any CPU
		{FBA2C328-0B89-47A9-9B21-70113A5945A2}.Release|x86.Build.0 = Release|Any CPU
		{54C4CC5B-33B1-426F-920D-6D6866DB60F7}.Debug|Any CPU.ActiveCfg = Debug|Any CPU
		{54C4CC5B-33B1-426F-920D-6D6866DB60F7}.Debug|Any CPU.Build.0 = Debug|Any CPU
		{54C4CC5B-33B1-426F-920D-6D6866DB60F7}.Debug|x86.ActiveCfg = Debug|Any CPU
		{54C4CC5B-33B1-426F-920D-6D6866DB60F7}.Debug|x86.Build.0 = Debug|Any CPU
		{54C4CC5B-33B1-426F-920D-6D6866DB60F7}.Release|Any CPU.ActiveCfg = Release|Any CPU
		{54C4CC5B-33B1-426F-920D-6D6866DB60F7}.Release|Any CPU.Build.0 = Release|Any CPU
		{54C4CC5B-33B1-426F-920D-6D6866DB60F7}.Release|x86.ActiveCfg = Release|Any CPU
		{54C4CC5B-33B1-426F-920D-6D6866DB60F7}.Release|x86.Build.0 = Release|Any CPU
		{7844039D-7CDE-4FD2-B782-2ED9AD3333B0}.Debug|Any CPU.ActiveCfg = Debug|Any CPU
		{7844039D-7CDE-4FD2-B782-2ED9AD3333B0}.Debug|Any CPU.Build.0 = Debug|Any CPU
		{7844039D-7CDE-4FD2-B782-2ED9AD3333B0}.Debug|x86.ActiveCfg = Debug|Any CPU
		{7844039D-7CDE-4FD2-B782-2ED9AD3333B0}.Debug|x86.Build.0 = Debug|Any CPU
		{7844039D-7CDE-4FD2-B782-2ED9AD3333B0}.Release|Any CPU.ActiveCfg = Release|Any CPU
		{7844039D-7CDE-4FD2-B782-2ED9AD3333B0}.Release|Any CPU.Build.0 = Release|Any CPU
		{7844039D-7CDE-4FD2-B782-2ED9AD3333B0}.Release|x86.ActiveCfg = Release|Any CPU
		{7844039D-7CDE-4FD2-B782-2ED9AD3333B0}.Release|x86.Build.0 = Release|Any CPU
		{C8C1DC9D-389A-4FCF-A932-E2E355A0AD04}.Debug|Any CPU.ActiveCfg = Debug|Any CPU
		{C8C1DC9D-389A-4FCF-A932-E2E355A0AD04}.Debug|Any CPU.Build.0 = Debug|Any CPU
		{C8C1DC9D-389A-4FCF-A932-E2E355A0AD04}.Debug|x86.ActiveCfg = Debug|Any CPU
		{C8C1DC9D-389A-4FCF-A932-E2E355A0AD04}.Debug|x86.Build.0 = Debug|Any CPU
		{C8C1DC9D-389A-4FCF-A932-E2E355A0AD04}.Release|Any CPU.ActiveCfg = Release|Any CPU
		{C8C1DC9D-389A-4FCF-A932-E2E355A0AD04}.Release|Any CPU.Build.0 = Release|Any CPU
		{C8C1DC9D-389A-4FCF-A932-E2E355A0AD04}.Release|x86.ActiveCfg = Release|Any CPU
		{C8C1DC9D-389A-4FCF-A932-E2E355A0AD04}.Release|x86.Build.0 = Release|Any CPU
	EndGlobalSection
	GlobalSection(SolutionProperties) = preSolution
		HideSolutionNode = FALSE
	EndGlobalSection
	GlobalSection(NestedProjects) = preSolution
		{EAB5FEEC-9DF7-48C7-9F0D-6C920E716F88} = {7D0FA414-B3D2-4264-A91F-EAA551CA5A5D}
		{E0FCAB9C-4D6A-4F00-974A-E87209D2D682} = {7DC60D00-FA4B-4C26-B32F-25D27611923A}
		{B5190C56-9655-4984-8866-7259FD051766} = {510CDA2A-99A0-4003-9F18-D255DAC52333}
		{1126CA30-A652-4B5A-B162-42B9212B929D} = {B5974E23-6F5A-4D50-AE40-B5A8F74F950C}
		{A36200BB-8D73-4557-B22C-49E2AC480E75} = {7D0FA414-B3D2-4264-A91F-EAA551CA5A5D}
		{B30339F5-F959-449A-9636-44219FE6033E} = {EAB5FEEC-9DF7-48C7-9F0D-6C920E716F88}
		{3EA9BF0E-24CF-4CDE-82BA-860465DF65E8} = {1126CA30-A652-4B5A-B162-42B9212B929D}
		{0713C8D3-670F-46A7-9226-A152D5202B09} = {E0FCAB9C-4D6A-4F00-974A-E87209D2D682}
		{18A03F70-C988-4C26-92AA-A4CD1F9101C8} = {7D0FA414-B3D2-4264-A91F-EAA551CA5A5D}
		{BC75CE9E-F322-4B53-9929-3BE9C4B0B891} = {A925129B-2A55-4DBA-8B2A-44BEB40F89EF}
		{B3BA335B-4356-4FAD-877F-1578A2122AF0} = {09BFA16E-6238-44C4-88D6-E0C2F182AF4F}
		{F842AFB5-41A1-4576-B438-A1B04B3D6A40} = {09BFA16E-6238-44C4-88D6-E0C2F182AF4F}
		{C33E488B-DAFE-4FF6-A62C-E090425D84F2} = {B5974E23-6F5A-4D50-AE40-B5A8F74F950C}
		{DC91C609-C71E-4D2C-A0DF-C5452BBBA0C0} = {9729D024-D566-421A-B432-4465C30B0692}
		{2F1E85AE-67C5-410A-8569-D9D00E403DDA} = {DC91C609-C71E-4D2C-A0DF-C5452BBBA0C0}
		{49D188E4-DA77-408D-A618-B4467CD3C4BD} = {DC91C609-C71E-4D2C-A0DF-C5452BBBA0C0}
		{EC71A733-6915-4173-B593-425C541EFF6B} = {B5974E23-6F5A-4D50-AE40-B5A8F74F950C}
		{7D87B88B-9D7B-4AAE-ADD8-4145E64C628F} = {7D0FA414-B3D2-4264-A91F-EAA551CA5A5D}
		{4BF65262-85DA-478A-90B2-A45CD801EF83} = {B5974E23-6F5A-4D50-AE40-B5A8F74F950C}
		{2F82AD30-00BE-467E-BB6E-EDD1BE27D84E} = {B5974E23-6F5A-4D50-AE40-B5A8F74F950C}
		{8695D734-D3F3-44EE-A061-9B4704FE3724} = {B5974E23-6F5A-4D50-AE40-B5A8F74F950C}
		{77EFC2A2-5CEC-4286-ABB4-A9488FC3A7CE} = {B5974E23-6F5A-4D50-AE40-B5A8F74F950C}
		{95D8FEB4-5455-4104-B2A8-0B9487A489CD} = {7DC60D00-FA4B-4C26-B32F-25D27611923A}
		{6E28A28C-D8D3-4870-98CF-4A3A03F6973C} = {7DC60D00-FA4B-4C26-B32F-25D27611923A}
		{FE5D8DBF-67B0-40FE-B9CD-6E073E56D44D} = {18A03F70-C988-4C26-92AA-A4CD1F9101C8}
		{0FB7ED59-7102-4716-BFD1-4B28E9E88A60} = {510CDA2A-99A0-4003-9F18-D255DAC52333}
		{44BA1179-6575-4AA5-9CEB-DB54AF718CA5} = {7DC60D00-FA4B-4C26-B32F-25D27611923A}
		{C918091E-16B0-4C93-B6FF-5BC7EE79A899} = {7DC60D00-FA4B-4C26-B32F-25D27611923A}
		{73D5D8D9-3FCC-462A-982F-BE44F5499044} = {7DC60D00-FA4B-4C26-B32F-25D27611923A}
		{AE357B43-07C9-47EC-9BF5-DF0281A14D00} = {7DC60D00-FA4B-4C26-B32F-25D27611923A}
		{7D05D418-DC7E-4625-AF6D-D9A81C02657D} = {6625B47F-2449-4B53-9F55-D45C813DF411}
		{9F65EDFE-840A-4FB1-BAED-1205CD6BC4BB} = {6625B47F-2449-4B53-9F55-D45C813DF411}
		{B735769E-0E8D-4403-8AAC-C2C17330AC2B} = {A925129B-2A55-4DBA-8B2A-44BEB40F89EF}
		{2CC3FA8A-174E-4041-9B0B-35F92BA4E05C} = {7DC60D00-FA4B-4C26-B32F-25D27611923A}
		{DCFDE569-0666-45F8-A4D5-84346ED8DACA} = {7DC60D00-FA4B-4C26-B32F-25D27611923A}
		{F96D2184-C03F-49C8-AA90-0AB2FC6FDB3E} = {7DC60D00-FA4B-4C26-B32F-25D27611923A}
		{47F5D654-4175-47D6-9508-852BB9AE9FAE} = {510CDA2A-99A0-4003-9F18-D255DAC52333}
		{FBA2C328-0B89-47A9-9B21-70113A5945A2} = {6625B47F-2449-4B53-9F55-D45C813DF411}
		{54C4CC5B-33B1-426F-920D-6D6866DB60F7} = {958B5E9B-FC18-49A1-B52A-0C582AACD86F}
		{7844039D-7CDE-4FD2-B782-2ED9AD3333B0} = {958B5E9B-FC18-49A1-B52A-0C582AACD86F}
		{C8C1DC9D-389A-4FCF-A932-E2E355A0AD04} = {09BFA16E-6238-44C4-88D6-E0C2F182AF4F}
	EndGlobalSection
	GlobalSection(ExtensibilityGlobals) = postSolution
		SolutionGuid = {C8F9327E-C222-4E00-A62F-20527B230190}
	EndGlobalSection
EndGlobal
